PODS:
  - AFNetworking (3.1.0):
    - AFNetworking/NSURLSession (= 3.1.0)
    - AFNetworking/Reachability (= 3.1.0)
    - AFNetworking/Security (= 3.1.0)
    - AFNetworking/Serialization (= 3.1.0)
    - AFNetworking/UIKit (= 3.1.0)
  - AFNetworking/NSURLSession (3.1.0):
    - AFNetworking/Reachability
    - AFNetworking/Security
    - AFNetworking/Serialization
  - AFNetworking/Reachability (3.1.0)
  - AFNetworking/Security (3.1.0)
  - AFNetworking/Serialization (3.1.0)
  - AFNetworking/UIKit (3.1.0):
    - AFNetworking/NSURLSession
  - JZNavigationExtension (1.5.0.1)
  - Masonry (1.0.1)
  - MJExtension (3.0.13)
  - MJRefresh (2.3.2)
  - SDWebImage (3.8.1):
    - SDWebImage/Core (= 3.8.1)
  - SDWebImage/Core (3.8.1)
  - SSKeychain (1.4.0)

DEPENDENCIES:
  - AFNetworking (~> 3.1)
  - JZNavigationExtension (~> 1.5)
  - Masonry (~> 1.0)
  - MJExtension (~> 3.0)
  - MJRefresh (~> 2.3.2)
  - SDWebImage (~> 3.8)
  - SSKeychain (~> 1.4)

SPEC CHECKSUMS:
  AFNetworking: 5e0e199f73d8626b11e79750991f5d173d1f8b67
  JZNavigationExtension: 7b95d2b1c48846b8bedcb40d767448f14cb9a0b7
  Masonry: a1a931a0d08870ed8ae415a2ea5ea68ebcac77df
  MJExtension: 5932755f451458eefa24239358817f8d291240c7
  MJRefresh: 0f6f5e8387970607c26080b44058b229a23065d7
  SDWebImage: 35f9627a3e44b4f292a8a8ce6a531fa488239b91
  SSKeychain: c71293fa57216a40ab06c23f4085387583293de4

PODFILE CHECKSUM: 5a445c43a8395d1e22b77718235c3a9fd5ec384a

COCOAPODS: 1.0.0
