// !$*UTF8*$!
{
	archiveVersion = 1;
	classes = {
	};
	objectVersion = 46;
	objects = {

/* Begin PBXBuildFile section */
		091D186B1D7673B900F181F0 /* SJHomeCellModel.m in Sources */ = {isa = PBXBuildFile; fileRef = 091D186A1D7673B900F181F0 /* SJHomeCellModel.m */; };
		091D186F1D7688D700F181F0 /* LBAdsBar.m in Sources */ = {isa = PBXBuildFile; fileRef = 091D186E1D7688D700F181F0 /* LBAdsBar.m */; };
		091D18731D768B0800F181F0 /* HWWeakTimer.m in Sources */ = {isa = PBXBuildFile; fileRef = 091D18721D768B0800F181F0 /* HWWeakTimer.m */; };
		091D18761D768EA700F181F0 /* SJHomeAdsModel.m in Sources */ = {isa = PBXBuildFile; fileRef = 091D18751D768EA700F181F0 /* SJHomeAdsModel.m */; };
		091D187A1D76C13300F181F0 /* SJMenuItem.m in Sources */ = {isa = PBXBuildFile; fileRef = 091D18791D76C13300F181F0 /* SJMenuItem.m */; };
		091D187C1D76C16A00F181F0 /* SJMenuItem.xib in Resources */ = {isa = PBXBuildFile; fileRef = 091D187B1D76C16A00F181F0 /* SJMenuItem.xib */; };
		092E1F461D7531670094DEBF /* NetServiceManager.m in Sources */ = {isa = PBXBuildFile; fileRef = 092E1F451D7531670094DEBF /* NetServiceManager.m */; };
		092E1F4A1D7531DD0094DEBF /* XSSystemMaintenanceView.m in Sources */ = {isa = PBXBuildFile; fileRef = 092E1F491D7531DD0094DEBF /* XSSystemMaintenanceView.m */; };
		0944A48A1D758D300072086D /* SJHomeModel.m in Sources */ = {isa = PBXBuildFile; fileRef = 0944A4891D758D300072086D /* SJHomeModel.m */; };
		0944A48D1D7593370072086D /* SJBannerModel.m in Sources */ = {isa = PBXBuildFile; fileRef = 0944A48C1D7593370072086D /* SJBannerModel.m */; };
		0944A4901D7597960072086D /* SJHomeJson.m in Sources */ = {isa = PBXBuildFile; fileRef = 0944A48F1D7597960072086D /* SJHomeJson.m */; };
		094CEA831D65616F0095F820 /* main.m in Sources */ = {isa = PBXBuildFile; fileRef = 094CEA821D65616F0095F820 /* main.m */; };
		094CEA861D65616F0095F820 /* AppDelegate.m in Sources */ = {isa = PBXBuildFile; fileRef = 094CEA851D65616F0095F820 /* AppDelegate.m */; };
		094CEA8E1D65616F0095F820 /* Assets.xcassets in Resources */ = {isa = PBXBuildFile; fileRef = 094CEA8D1D65616F0095F820 /* Assets.xcassets */; };
		094CEA911D65616F0095F820 /* LaunchScreen.storyboard in Resources */ = {isa = PBXBuildFile; fileRef = 094CEA8F1D65616F0095F820 /* LaunchScreen.storyboard */; };
		094CEA9C1D65616F0095F820 /* AiQianJinCopyTests.m in Sources */ = {isa = PBXBuildFile; fileRef = 094CEA9B1D65616F0095F820 /* AiQianJinCopyTests.m */; };
		094CEAA71D65616F0095F820 /* AiQianJinCopyUITests.m in Sources */ = {isa = PBXBuildFile; fileRef = 094CEAA61D65616F0095F820 /* AiQianJinCopyUITests.m */; };
		094CEABD1D6573870095F820 /* SJBaseViewController.m in Sources */ = {isa = PBXBuildFile; fileRef = 094CEABC1D6573870095F820 /* SJBaseViewController.m */; };
		094CEAC01D6573C80095F820 /* SJTabBarViewController.m in Sources */ = {isa = PBXBuildFile; fileRef = 094CEABF1D6573C80095F820 /* SJTabBarViewController.m */; };
		094CEAD31D658EEB0095F820 /* SJHomeViewController.m in Sources */ = {isa = PBXBuildFile; fileRef = 094CEAD21D658EEB0095F820 /* SJHomeViewController.m */; };
		094CEAD61D658F2E0095F820 /* SJInteractionViewController.m in Sources */ = {isa = PBXBuildFile; fileRef = 094CEAD51D658F2E0095F820 /* SJInteractionViewController.m */; };
		094CEAD91D658F430095F820 /* SJProductViewController.m in Sources */ = {isa = PBXBuildFile; fileRef = 094CEAD81D658F430095F820 /* SJProductViewController.m */; };
		094CEADC1D658F520095F820 /* SJPropertyViewController.m in Sources */ = {isa = PBXBuildFile; fileRef = 094CEADB1D658F520095F820 /* SJPropertyViewController.m */; };
		094CEAE01D65919C0095F820 /* SJNavigationController.m in Sources */ = {isa = PBXBuildFile; fileRef = 094CEADF1D65919C0095F820 /* SJNavigationController.m */; };
		094F5CD11D791D110004FADD /* fakeData_Interaction.json in Resources */ = {isa = PBXBuildFile; fileRef = 094F5CD01D791D110004FADD /* fakeData_Interaction.json */; };
		094F5CD41D7978740004FADD /* SJInteractionHeadView.m in Sources */ = {isa = PBXBuildFile; fileRef = 094F5CD31D7978740004FADD /* SJInteractionHeadView.m */; };
		094F5CD61D79789A0004FADD /* SJInteractionHeadView.xib in Resources */ = {isa = PBXBuildFile; fileRef = 094F5CD51D79789A0004FADD /* SJInteractionHeadView.xib */; };
		098C388A1D7A6DD700A4938C /* SJInteractionCell.m in Sources */ = {isa = PBXBuildFile; fileRef = 098C38881D7A6DD700A4938C /* SJInteractionCell.m */; };
		098C388B1D7A6DD700A4938C /* SJInteractionCell.xib in Resources */ = {isa = PBXBuildFile; fileRef = 098C38891D7A6DD700A4938C /* SJInteractionCell.xib */; };
		098C389E1D7D666600A4938C /* SJInteractionHeadModel.m in Sources */ = {isa = PBXBuildFile; fileRef = 098C389D1D7D666600A4938C /* SJInteractionHeadModel.m */; };
		098C38A11D7D678E00A4938C /* SJInteractionItemModel.m in Sources */ = {isa = PBXBuildFile; fileRef = 098C38A01D7D678E00A4938C /* SJInteractionItemModel.m */; };
		098C38A41D7E64A500A4938C /* SJInteractionCellModel.m in Sources */ = {isa = PBXBuildFile; fileRef = 098C38A31D7E64A500A4938C /* SJInteractionCellModel.m */; };
		098C38A71D7E65B400A4938C /* SJInteractionModel.m in Sources */ = {isa = PBXBuildFile; fileRef = 098C38A61D7E65B400A4938C /* SJInteractionModel.m */; };
		09910EF71D7731EB007F7806 /* SJMenuItemModel.m in Sources */ = {isa = PBXBuildFile; fileRef = 09910EF61D7731EB007F7806 /* SJMenuItemModel.m */; };
		09910EFC1D77D6A7007F7806 /* fakeData_Home.json in Resources */ = {isa = PBXBuildFile; fileRef = 09910EF91D77D6A7007F7806 /* fakeData_Home.json */; };
		09910F021D77D7C0007F7806 /* bank_1.txt in Resources */ = {isa = PBXBuildFile; fileRef = 09910F001D77D7C0007F7806 /* bank_1.txt */; };
		09910F081D77D7D3007F7806 /* com_glitter_scream_ios4.jpg in Resources */ = {isa = PBXBuildFile; fileRef = 09910F031D77D7D3007F7806 /* com_glitter_scream_ios4.jpg */; };
		09910F091D77D7D3007F7806 /* com_glitter_scream_ios4hd@2x.jpg in Resources */ = {isa = PBXBuildFile; fileRef = 09910F041D77D7D3007F7806 /* com_glitter_scream_ios4hd@2x.jpg */; };
		09910F0A1D77D7D3007F7806 /* com_glitter_scream_ios5@2x.jpg in Resources */ = {isa = PBXBuildFile; fileRef = 09910F051D77D7D3007F7806 /* com_glitter_scream_ios5@2x.jpg */; };
		09910F0B1D77D7D3007F7806 /* com_glitter_scream_ios6@2x.jpg in Resources */ = {isa = PBXBuildFile; fileRef = 09910F061D77D7D3007F7806 /* com_glitter_scream_ios6@2x.jpg */; };
		09910F0C1D77D7D3007F7806 /* com_glitter_scream_ios6p@2x.jpg in Resources */ = {isa = PBXBuildFile; fileRef = 09910F071D77D7D3007F7806 /* com_glitter_scream_ios6p@2x.jpg */; };
		09910F121D77D944007F7806 /* Default-568h@2x.png in Resources */ = {isa = PBXBuildFile; fileRef = 09910F0D1D77D944007F7806 /* Default-568h@2x.png */; };
		09910F131D77D944007F7806 /* Default-667h@2x.png in Resources */ = {isa = PBXBuildFile; fileRef = 09910F0E1D77D944007F7806 /* Default-667h@2x.png */; };
		09910F141D77D944007F7806 /* Default-736h@3x.png in Resources */ = {isa = PBXBuildFile; fileRef = 09910F0F1D77D944007F7806 /* Default-736h@3x.png */; };
		09910F151D77D944007F7806 /* Default.png in Resources */ = {isa = PBXBuildFile; fileRef = 09910F101D77D944007F7806 /* Default.png */; };
		09910F161D77D944007F7806 /* Default@2x.png in Resources */ = {isa = PBXBuildFile; fileRef = 09910F111D77D944007F7806 /* Default@2x.png */; };
		09910F1D1D77DAE1007F7806 /* ic_com_shuaxin1@2x.png in Resources */ = {isa = PBXBuildFile; fileRef = 09910F171D77DAE1007F7806 /* ic_com_shuaxin1@2x.png */; };
		09910F1E1D77DAE1007F7806 /* ic_com_shuaxin2@2x.png in Resources */ = {isa = PBXBuildFile; fileRef = 09910F181D77DAE1007F7806 /* ic_com_shuaxin2@2x.png */; };
		09910F1F1D77DAE1007F7806 /* ic_com_shuaxin3@2x.png in Resources */ = {isa = PBXBuildFile; fileRef = 09910F191D77DAE1007F7806 /* ic_com_shuaxin3@2x.png */; };
		09910F201D77DAE1007F7806 /* ic_com_shuaxin4@2x.png in Resources */ = {isa = PBXBuildFile; fileRef = 09910F1A1D77DAE1007F7806 /* ic_com_shuaxin4@2x.png */; };
		09910F211D77DAE1007F7806 /* ic_com_shuaxin5@2x.png in Resources */ = {isa = PBXBuildFile; fileRef = 09910F1B1D77DAE1007F7806 /* ic_com_shuaxin5@2x.png */; };
		09910F221D77DAE1007F7806 /* ic_com_shuaxin6@2x.png in Resources */ = {isa = PBXBuildFile; fileRef = 09910F1C1D77DAE1007F7806 /* ic_com_shuaxin6@2x.png */; };
		09910F2A1D77DB22007F7806 /* LaunchImage-568h@2x.png in Resources */ = {isa = PBXBuildFile; fileRef = 09910F231D77DB22007F7806 /* LaunchImage-568h@2x.png */; };
		09910F2B1D77DB22007F7806 /* LaunchImage-700-568h@2x.png in Resources */ = {isa = PBXBuildFile; fileRef = 09910F241D77DB22007F7806 /* LaunchImage-700-568h@2x.png */; };
		09910F2C1D77DB22007F7806 /* LaunchImage-700@2x.png in Resources */ = {isa = PBXBuildFile; fileRef = 09910F251D77DB22007F7806 /* LaunchImage-700@2x.png */; };
		09910F2D1D77DB22007F7806 /* LaunchImage-800-667h@2x.png in Resources */ = {isa = PBXBuildFile; fileRef = 09910F261D77DB22007F7806 /* LaunchImage-800-667h@2x.png */; };
		09910F2E1D77DB22007F7806 /* LaunchImage-800-Portrait-736h@3x.png in Resources */ = {isa = PBXBuildFile; fileRef = 09910F271D77DB22007F7806 /* LaunchImage-800-Portrait-736h@3x.png */; };
		09910F2F1D77DB22007F7806 /* LaunchImage.png in Resources */ = {isa = PBXBuildFile; fileRef = 09910F281D77DB22007F7806 /* LaunchImage.png */; };
		09910F301D77DB22007F7806 /* LaunchImage@2x.png in Resources */ = {isa = PBXBuildFile; fileRef = 09910F291D77DB22007F7806 /* LaunchImage@2x.png */; };
		09910F3D1D77DBA3007F7806 /* loading_1.png in Resources */ = {isa = PBXBuildFile; fileRef = 09910F311D77DBA3007F7806 /* loading_1.png */; };
		09910F3E1D77DBA3007F7806 /* loading_2.png in Resources */ = {isa = PBXBuildFile; fileRef = 09910F321D77DBA3007F7806 /* loading_2.png */; };
		09910F3F1D77DBA3007F7806 /* loading_3.png in Resources */ = {isa = PBXBuildFile; fileRef = 09910F331D77DBA3007F7806 /* loading_3.png */; };
		09910F401D77DBA3007F7806 /* loading_4.png in Resources */ = {isa = PBXBuildFile; fileRef = 09910F341D77DBA3007F7806 /* loading_4.png */; };
		09910F411D77DBA3007F7806 /* loading_5.png in Resources */ = {isa = PBXBuildFile; fileRef = 09910F351D77DBA3007F7806 /* loading_5.png */; };
		09910F421D77DBA3007F7806 /* loading_6.png in Resources */ = {isa = PBXBuildFile; fileRef = 09910F361D77DBA3007F7806 /* loading_6.png */; };
		09910F431D77DBA3007F7806 /* loading_7.png in Resources */ = {isa = PBXBuildFile; fileRef = 09910F371D77DBA3007F7806 /* loading_7.png */; };
		09910F441D77DBA3007F7806 /* loading_8.png in Resources */ = {isa = PBXBuildFile; fileRef = 09910F381D77DBA3007F7806 /* loading_8.png */; };
		09910F451D77DBA3007F7806 /* loading_9.png in Resources */ = {isa = PBXBuildFile; fileRef = 09910F391D77DBA3007F7806 /* loading_9.png */; };
		09910F461D77DBA3007F7806 /* loading_10.png in Resources */ = {isa = PBXBuildFile; fileRef = 09910F3A1D77DBA3007F7806 /* loading_10.png */; };
		09910F471D77DBA3007F7806 /* loading_11.png in Resources */ = {isa = PBXBuildFile; fileRef = 09910F3B1D77DBA3007F7806 /* loading_11.png */; };
		09910F481D77DBA3007F7806 /* loading_12.png in Resources */ = {isa = PBXBuildFile; fileRef = 09910F3C1D77DBA3007F7806 /* loading_12.png */; };
		09910F561D77DC30007F7806 /* loading_zhu1.png in Resources */ = {isa = PBXBuildFile; fileRef = 09910F4A1D77DC30007F7806 /* loading_zhu1.png */; };
		09910F571D77DC30007F7806 /* loading_zhu2.png in Resources */ = {isa = PBXBuildFile; fileRef = 09910F4B1D77DC30007F7806 /* loading_zhu2.png */; };
		09910F581D77DC30007F7806 /* loading_zhu3.png in Resources */ = {isa = PBXBuildFile; fileRef = 09910F4C1D77DC30007F7806 /* loading_zhu3.png */; };
		09910F591D77DC30007F7806 /* loading_zhu4.png in Resources */ = {isa = PBXBuildFile; fileRef = 09910F4D1D77DC30007F7806 /* loading_zhu4.png */; };
		09910F5A1D77DC30007F7806 /* loading_zhu5.png in Resources */ = {isa = PBXBuildFile; fileRef = 09910F4E1D77DC30007F7806 /* loading_zhu5.png */; };
		09910F5B1D77DC30007F7806 /* loading_zhu6.png in Resources */ = {isa = PBXBuildFile; fileRef = 09910F4F1D77DC30007F7806 /* loading_zhu6.png */; };
		09910F5C1D77DC30007F7806 /* loading_zhu7.png in Resources */ = {isa = PBXBuildFile; fileRef = 09910F501D77DC30007F7806 /* loading_zhu7.png */; };
		09910F5D1D77DC30007F7806 /* loading_zhu8.png in Resources */ = {isa = PBXBuildFile; fileRef = 09910F511D77DC30007F7806 /* loading_zhu8.png */; };
		09910F5E1D77DC30007F7806 /* loading_zhu9.png in Resources */ = {isa = PBXBuildFile; fileRef = 09910F521D77DC30007F7806 /* loading_zhu9.png */; };
		09910F5F1D77DC30007F7806 /* loading_zhu10.png in Resources */ = {isa = PBXBuildFile; fileRef = 09910F531D77DC30007F7806 /* loading_zhu10.png */; };
		09910F601D77DC30007F7806 /* loading_zhu11.png in Resources */ = {isa = PBXBuildFile; fileRef = 09910F541D77DC30007F7806 /* loading_zhu11.png */; };
		09910F611D77DC30007F7806 /* loading_zhu12.png in Resources */ = {isa = PBXBuildFile; fileRef = 09910F551D77DC30007F7806 /* loading_zhu12.png */; };
		09910F6E1D77DC45007F7806 /* loadingNew_1.png in Resources */ = {isa = PBXBuildFile; fileRef = 09910F621D77DC45007F7806 /* loadingNew_1.png */; };
		09910F6F1D77DC45007F7806 /* loadingNew_2.png in Resources */ = {isa = PBXBuildFile; fileRef = 09910F631D77DC45007F7806 /* loadingNew_2.png */; };
		09910F701D77DC45007F7806 /* loadingNew_3.png in Resources */ = {isa = PBXBuildFile; fileRef = 09910F641D77DC45007F7806 /* loadingNew_3.png */; };
		09910F711D77DC45007F7806 /* loadingNew_4.png in Resources */ = {isa = PBXBuildFile; fileRef = 09910F651D77DC45007F7806 /* loadingNew_4.png */; };
		09910F721D77DC45007F7806 /* loadingNew_5.png in Resources */ = {isa = PBXBuildFile; fileRef = 09910F661D77DC45007F7806 /* loadingNew_5.png */; };
		09910F731D77DC45007F7806 /* loadingNew_6.png in Resources */ = {isa = PBXBuildFile; fileRef = 09910F671D77DC45007F7806 /* loadingNew_6.png */; };
		09910F741D77DC45007F7806 /* loadingNew_7.png in Resources */ = {isa = PBXBuildFile; fileRef = 09910F681D77DC45007F7806 /* loadingNew_7.png */; };
		09910F751D77DC45007F7806 /* loadingNew_8.png in Resources */ = {isa = PBXBuildFile; fileRef = 09910F691D77DC45007F7806 /* loadingNew_8.png */; };
		09910F761D77DC45007F7806 /* loadingNew_9.png in Resources */ = {isa = PBXBuildFile; fileRef = 09910F6A1D77DC45007F7806 /* loadingNew_9.png */; };
		09910F771D77DC45007F7806 /* loadingNew_10.png in Resources */ = {isa = PBXBuildFile; fileRef = 09910F6B1D77DC45007F7806 /* loadingNew_10.png */; };
		09910F781D77DC45007F7806 /* loadingNew_11.png in Resources */ = {isa = PBXBuildFile; fileRef = 09910F6C1D77DC45007F7806 /* loadingNew_11.png */; };
		09910F791D77DC45007F7806 /* loadingNew_12.png in Resources */ = {isa = PBXBuildFile; fileRef = 09910F6D1D77DC45007F7806 /* loadingNew_12.png */; };
		09910F7B1D77DCBF007F7806 /* refreshloading_g@2x.gif in Resources */ = {isa = PBXBuildFile; fileRef = 09910F7A1D77DCBF007F7806 /* refreshloading_g@2x.gif */; };
		09910F7F1D77F06D007F7806 /* SJRefreshHeader.m in Sources */ = {isa = PBXBuildFile; fileRef = 09910F7E1D77F06D007F7806 /* SJRefreshHeader.m */; };
		09910F861D781D23007F7806 /* SJZiChanCollectCell.m in Sources */ = {isa = PBXBuildFile; fileRef = 09910F841D781D23007F7806 /* SJZiChanCollectCell.m */; };
		09910F871D781D23007F7806 /* SJZiChanCollectCell.xib in Resources */ = {isa = PBXBuildFile; fileRef = 09910F851D781D23007F7806 /* SJZiChanCollectCell.xib */; };
		09910F901D78308B007F7806 /* SJCollectionHeadView.m in Sources */ = {isa = PBXBuildFile; fileRef = 09910F8E1D78308B007F7806 /* SJCollectionHeadView.m */; };
		09910F911D78308B007F7806 /* SJCollectionHeadView.xib in Resources */ = {isa = PBXBuildFile; fileRef = 09910F8F1D78308B007F7806 /* SJCollectionHeadView.xib */; };
		0996D2941D70A47F00D9C4A7 /* SJHelper.m in Sources */ = {isa = PBXBuildFile; fileRef = 0996D2931D70A47F00D9C4A7 /* SJHelper.m */; };
		0996D2981D70B11600D9C4A7 /* SJCustomNavBarView.m in Sources */ = {isa = PBXBuildFile; fileRef = 0996D2971D70B11600D9C4A7 /* SJCustomNavBarView.m */; };
		09E164731D73D7B20095E5A6 /* KDCycleBannerView.m in Sources */ = {isa = PBXBuildFile; fileRef = 09E164721D73D7B20095E5A6 /* KDCycleBannerView.m */; };
		09E164761D73D8820095E5A6 /* SJHomeHeadView.m in Sources */ = {isa = PBXBuildFile; fileRef = 09E164751D73D8820095E5A6 /* SJHomeHeadView.m */; };
		09E1647A1D741D360095E5A6 /* SJHomeCell.m in Sources */ = {isa = PBXBuildFile; fileRef = 09E164781D741D360095E5A6 /* SJHomeCell.m */; };
		09E1647B1D741D360095E5A6 /* SJHomeCell.xib in Resources */ = {isa = PBXBuildFile; fileRef = 09E164791D741D360095E5A6 /* SJHomeCell.xib */; };
		09E164801D7429A20095E5A6 /* UIView+LBExtension.m in Sources */ = {isa = PBXBuildFile; fileRef = 09E1647F1D7429A20095E5A6 /* UIView+LBExtension.m */; };
		09E164831D7432DE0095E5A6 /* SJHomeFooterView.m in Sources */ = {isa = PBXBuildFile; fileRef = 09E164821D7432DE0095E5A6 /* SJHomeFooterView.m */; };
		09E32B701D7FAA34007E044F /* SJMineInformationViewController.m in Sources */ = {isa = PBXBuildFile; fileRef = 09E32B6F1D7FAA34007E044F /* SJMineInformationViewController.m */; };
		09E32B731D7FAC16007E044F /* SJMineMoreViewController.m in Sources */ = {isa = PBXBuildFile; fileRef = 09E32B721D7FAC16007E044F /* SJMineMoreViewController.m */; };
		09E32B771D7FB1DB007E044F /* SJCommonWebViewController.m in Sources */ = {isa = PBXBuildFile; fileRef = 09E32B761D7FB1DB007E044F /* SJCommonWebViewController.m */; };
		59FD7A28C7DE0BD0B094B587 /* libPods-AiQianJinCopy.a in Frameworks */ = {isa = PBXBuildFile; fileRef = 9019B4BFEBB2A9FA7F1E1B33 /* libPods-AiQianJinCopy.a */; };
/* End PBXBuildFile section */

/* Begin PBXContainerItemProxy section */
		094CEA981D65616F0095F820 /* PBXContainerItemProxy */ = {
			isa = PBXContainerItemProxy;
			containerPortal = 094CEA761D65616F0095F820 /* Project object */;
			proxyType = 1;
			remoteGlobalIDString = 094CEA7D1D65616F0095F820;
			remoteInfo = AiQianJinCopy;
		};
		094CEAA31D65616F0095F820 /* PBXContainerItemProxy */ = {
			isa = PBXContainerItemProxy;
			containerPortal = 094CEA761D65616F0095F820 /* Project object */;
			proxyType = 1;
			remoteGlobalIDString = 094CEA7D1D65616F0095F820;
			remoteInfo = AiQianJinCopy;
		};
/* End PBXContainerItemProxy section */

/* Begin PBXFileReference section */
		091D18691D7673B900F181F0 /* SJHomeCellModel.h */ = {isa = PBXFileReference; fileEncoding = 4; lastKnownFileType = sourcecode.c.h; path = SJHomeCellModel.h; sourceTree = "<group>"; };
		091D186A1D7673B900F181F0 /* SJHomeCellModel.m */ = {isa = PBXFileReference; fileEncoding = 4; lastKnownFileType = sourcecode.c.objc; path = SJHomeCellModel.m; sourceTree = "<group>"; };
		091D186D1D7688D700F181F0 /* LBAdsBar.h */ = {isa = PBXFileReference; fileEncoding = 4; lastKnownFileType = sourcecode.c.h; path = LBAdsBar.h; sourceTree = "<group>"; };
		091D186E1D7688D700F181F0 /* LBAdsBar.m */ = {isa = PBXFileReference; fileEncoding = 4; lastKnownFileType = sourcecode.c.objc; path = LBAdsBar.m; sourceTree = "<group>"; };
		091D18711D768B0800F181F0 /* HWWeakTimer.h */ = {isa = PBXFileReference; fileEncoding = 4; lastKnownFileType = sourcecode.c.h; path = HWWeakTimer.h; sourceTree = "<group>"; };
		091D18721D768B0800F181F0 /* HWWeakTimer.m */ = {isa = PBXFileReference; fileEncoding = 4; lastKnownFileType = sourcecode.c.objc; path = HWWeakTimer.m; sourceTree = "<group>"; };
		091D18741D768EA700F181F0 /* SJHomeAdsModel.h */ = {isa = PBXFileReference; fileEncoding = 4; lastKnownFileType = sourcecode.c.h; path = SJHomeAdsModel.h; sourceTree = "<group>"; };
		091D18751D768EA700F181F0 /* SJHomeAdsModel.m */ = {isa = PBXFileReference; fileEncoding = 4; lastKnownFileType = sourcecode.c.objc; path = SJHomeAdsModel.m; sourceTree = "<group>"; };
		091D18781D76C13300F181F0 /* SJMenuItem.h */ = {isa = PBXFileReference; fileEncoding = 4; lastKnownFileType = sourcecode.c.h; path = SJMenuItem.h; sourceTree = "<group>"; };
		091D18791D76C13300F181F0 /* SJMenuItem.m */ = {isa = PBXFileReference; fileEncoding = 4; lastKnownFileType = sourcecode.c.objc; path = SJMenuItem.m; sourceTree = "<group>"; };
		091D187B1D76C16A00F181F0 /* SJMenuItem.xib */ = {isa = PBXFileReference; fileEncoding = 4; lastKnownFileType = file.xib; path = SJMenuItem.xib; sourceTree = "<group>"; };
		092E1F441D7531670094DEBF /* NetServiceManager.h */ = {isa = PBXFileReference; fileEncoding = 4; lastKnownFileType = sourcecode.c.h; path = NetServiceManager.h; sourceTree = "<group>"; };
		092E1F451D7531670094DEBF /* NetServiceManager.m */ = {isa = PBXFileReference; fileEncoding = 4; lastKnownFileType = sourcecode.c.objc; path = NetServiceManager.m; sourceTree = "<group>"; };
		092E1F481D7531DD0094DEBF /* XSSystemMaintenanceView.h */ = {isa = PBXFileReference; fileEncoding = 4; lastKnownFileType = sourcecode.c.h; path = XSSystemMaintenanceView.h; sourceTree = "<group>"; };
		092E1F491D7531DD0094DEBF /* XSSystemMaintenanceView.m */ = {isa = PBXFileReference; fileEncoding = 4; lastKnownFileType = sourcecode.c.objc; path = XSSystemMaintenanceView.m; sourceTree = "<group>"; };
		092E1F4B1D7538640094DEBF /* URLConstants.h */ = {isa = PBXFileReference; lastKnownFileType = sourcecode.c.h; path = URLConstants.h; sourceTree = "<group>"; };
		0944A4881D758D300072086D /* SJHomeModel.h */ = {isa = PBXFileReference; fileEncoding = 4; lastKnownFileType = sourcecode.c.h; path = SJHomeModel.h; sourceTree = "<group>"; };
		0944A4891D758D300072086D /* SJHomeModel.m */ = {isa = PBXFileReference; fileEncoding = 4; lastKnownFileType = sourcecode.c.objc; path = SJHomeModel.m; sourceTree = "<group>"; };
		0944A48B1D7593370072086D /* SJBannerModel.h */ = {isa = PBXFileReference; fileEncoding = 4; lastKnownFileType = sourcecode.c.h; path = SJBannerModel.h; sourceTree = "<group>"; };
		0944A48C1D7593370072086D /* SJBannerModel.m */ = {isa = PBXFileReference; fileEncoding = 4; lastKnownFileType = sourcecode.c.objc; path = SJBannerModel.m; sourceTree = "<group>"; };
		0944A48E1D7597960072086D /* SJHomeJson.h */ = {isa = PBXFileReference; fileEncoding = 4; lastKnownFileType = sourcecode.c.h; path = SJHomeJson.h; sourceTree = "<group>"; };
		0944A48F1D7597960072086D /* SJHomeJson.m */ = {isa = PBXFileReference; fileEncoding = 4; lastKnownFileType = sourcecode.c.objc; path = SJHomeJson.m; sourceTree = "<group>"; };
		094CEA7E1D65616F0095F820 /* AiQianJinCopy.app */ = {isa = PBXFileReference; explicitFileType = wrapper.application; includeInIndex = 0; path = AiQianJinCopy.app; sourceTree = BUILT_PRODUCTS_DIR; };
		094CEA821D65616F0095F820 /* main.m */ = {isa = PBXFileReference; lastKnownFileType = sourcecode.c.objc; path = main.m; sourceTree = "<group>"; };
		094CEA841D65616F0095F820 /* AppDelegate.h */ = {isa = PBXFileReference; lastKnownFileType = sourcecode.c.h; path = AppDelegate.h; sourceTree = "<group>"; };
		094CEA851D65616F0095F820 /* AppDelegate.m */ = {isa = PBXFileReference; lastKnownFileType = sourcecode.c.objc; path = AppDelegate.m; sourceTree = "<group>"; };
		094CEA8D1D65616F0095F820 /* Assets.xcassets */ = {isa = PBXFileReference; lastKnownFileType = folder.assetcatalog; path = Assets.xcassets; sourceTree = "<group>"; };
		094CEA901D65616F0095F820 /* Base */ = {isa = PBXFileReference; lastKnownFileType = file.storyboard; name = Base; path = Base.lproj/LaunchScreen.storyboard; sourceTree = "<group>"; };
		094CEA921D65616F0095F820 /* Info.plist */ = {isa = PBXFileReference; lastKnownFileType = text.plist.xml; path = Info.plist; sourceTree = "<group>"; };
		094CEA971D65616F0095F820 /* AiQianJinCopyTests.xctest */ = {isa = PBXFileReference; explicitFileType = wrapper.cfbundle; includeInIndex = 0; path = AiQianJinCopyTests.xctest; sourceTree = BUILT_PRODUCTS_DIR; };
		094CEA9B1D65616F0095F820 /* AiQianJinCopyTests.m */ = {isa = PBXFileReference; lastKnownFileType = sourcecode.c.objc; path = AiQianJinCopyTests.m; sourceTree = "<group>"; };
		094CEA9D1D65616F0095F820 /* Info.plist */ = {isa = PBXFileReference; lastKnownFileType = text.plist.xml; path = Info.plist; sourceTree = "<group>"; };
		094CEAA21D65616F0095F820 /* AiQianJinCopyUITests.xctest */ = {isa = PBXFileReference; explicitFileType = wrapper.cfbundle; includeInIndex = 0; path = AiQianJinCopyUITests.xctest; sourceTree = BUILT_PRODUCTS_DIR; };
		094CEAA61D65616F0095F820 /* AiQianJinCopyUITests.m */ = {isa = PBXFileReference; lastKnownFileType = sourcecode.c.objc; path = AiQianJinCopyUITests.m; sourceTree = "<group>"; };
		094CEAA81D65616F0095F820 /* Info.plist */ = {isa = PBXFileReference; lastKnownFileType = text.plist.xml; path = Info.plist; sourceTree = "<group>"; };
		094CEABB1D6573870095F820 /* SJBaseViewController.h */ = {isa = PBXFileReference; fileEncoding = 4; lastKnownFileType = sourcecode.c.h; path = SJBaseViewController.h; sourceTree = "<group>"; };
		094CEABC1D6573870095F820 /* SJBaseViewController.m */ = {isa = PBXFileReference; fileEncoding = 4; lastKnownFileType = sourcecode.c.objc; path = SJBaseViewController.m; sourceTree = "<group>"; };
		094CEABE1D6573C80095F820 /* SJTabBarViewController.h */ = {isa = PBXFileReference; fileEncoding = 4; lastKnownFileType = sourcecode.c.h; path = SJTabBarViewController.h; sourceTree = "<group>"; };
		094CEABF1D6573C80095F820 /* SJTabBarViewController.m */ = {isa = PBXFileReference; fileEncoding = 4; lastKnownFileType = sourcecode.c.objc; path = SJTabBarViewController.m; sourceTree = "<group>"; };
		094CEAD11D658EEB0095F820 /* SJHomeViewController.h */ = {isa = PBXFileReference; fileEncoding = 4; lastKnownFileType = sourcecode.c.h; path = SJHomeViewController.h; sourceTree = "<group>"; };
		094CEAD21D658EEB0095F820 /* SJHomeViewController.m */ = {isa = PBXFileReference; fileEncoding = 4; lastKnownFileType = sourcecode.c.objc; path = SJHomeViewController.m; sourceTree = "<group>"; };
		094CEAD41D658F2E0095F820 /* SJInteractionViewController.h */ = {isa = PBXFileReference; fileEncoding = 4; lastKnownFileType = sourcecode.c.h; path = SJInteractionViewController.h; sourceTree = "<group>"; };
		094CEAD51D658F2E0095F820 /* SJInteractionViewController.m */ = {isa = PBXFileReference; fileEncoding = 4; lastKnownFileType = sourcecode.c.objc; path = SJInteractionViewController.m; sourceTree = "<group>"; };
		094CEAD71D658F430095F820 /* SJProductViewController.h */ = {isa = PBXFileReference; fileEncoding = 4; lastKnownFileType = sourcecode.c.h; path = SJProductViewController.h; sourceTree = "<group>"; };
		094CEAD81D658F430095F820 /* SJProductViewController.m */ = {isa = PBXFileReference; fileEncoding = 4; lastKnownFileType = sourcecode.c.objc; path = SJProductViewController.m; sourceTree = "<group>"; };
		094CEADA1D658F520095F820 /* SJPropertyViewController.h */ = {isa = PBXFileReference; fileEncoding = 4; lastKnownFileType = sourcecode.c.h; path = SJPropertyViewController.h; sourceTree = "<group>"; };
		094CEADB1D658F520095F820 /* SJPropertyViewController.m */ = {isa = PBXFileReference; fileEncoding = 4; lastKnownFileType = sourcecode.c.objc; path = SJPropertyViewController.m; sourceTree = "<group>"; };
		094CEADE1D65919C0095F820 /* SJNavigationController.h */ = {isa = PBXFileReference; fileEncoding = 4; lastKnownFileType = sourcecode.c.h; path = SJNavigationController.h; sourceTree = "<group>"; };
		094CEADF1D65919C0095F820 /* SJNavigationController.m */ = {isa = PBXFileReference; fileEncoding = 4; lastKnownFileType = sourcecode.c.objc; path = SJNavigationController.m; sourceTree = "<group>"; };
		094CEAE11D659AD90095F820 /* PrefixHeader.pch */ = {isa = PBXFileReference; lastKnownFileType = sourcecode.c.h; path = PrefixHeader.pch; sourceTree = "<group>"; };
		094CEAE21D659B840095F820 /* Constants.h */ = {isa = PBXFileReference; lastKnownFileType = sourcecode.c.h; path = Constants.h; sourceTree = "<group>"; };
		094F5CD01D791D110004FADD /* fakeData_Interaction.json */ = {isa = PBXFileReference; fileEncoding = 4; lastKnownFileType = text.json; path = fakeData_Interaction.json; sourceTree = "<group>"; };
		094F5CD21D7978740004FADD /* SJInteractionHeadView.h */ = {isa = PBXFileReference; fileEncoding = 4; lastKnownFileType = sourcecode.c.h; path = SJInteractionHeadView.h; sourceTree = "<group>"; };
		094F5CD31D7978740004FADD /* SJInteractionHeadView.m */ = {isa = PBXFileReference; fileEncoding = 4; lastKnownFileType = sourcecode.c.objc; path = SJInteractionHeadView.m; sourceTree = "<group>"; };
		094F5CD51D79789A0004FADD /* SJInteractionHeadView.xib */ = {isa = PBXFileReference; fileEncoding = 4; lastKnownFileType = file.xib; path = SJInteractionHeadView.xib; sourceTree = "<group>"; };
		098C38871D7A6DD700A4938C /* SJInteractionCell.h */ = {isa = PBXFileReference; fileEncoding = 4; lastKnownFileType = sourcecode.c.h; path = SJInteractionCell.h; sourceTree = "<group>"; };
		098C38881D7A6DD700A4938C /* SJInteractionCell.m */ = {isa = PBXFileReference; fileEncoding = 4; lastKnownFileType = sourcecode.c.objc; path = SJInteractionCell.m; sourceTree = "<group>"; };
		098C38891D7A6DD700A4938C /* SJInteractionCell.xib */ = {isa = PBXFileReference; fileEncoding = 4; lastKnownFileType = file.xib; path = SJInteractionCell.xib; sourceTree = "<group>"; };
		098C389C1D7D666600A4938C /* SJInteractionHeadModel.h */ = {isa = PBXFileReference; fileEncoding = 4; lastKnownFileType = sourcecode.c.h; path = SJInteractionHeadModel.h; sourceTree = "<group>"; };
		098C389D1D7D666600A4938C /* SJInteractionHeadModel.m */ = {isa = PBXFileReference; fileEncoding = 4; lastKnownFileType = sourcecode.c.objc; path = SJInteractionHeadModel.m; sourceTree = "<group>"; };
		098C389F1D7D678E00A4938C /* SJInteractionItemModel.h */ = {isa = PBXFileReference; fileEncoding = 4; lastKnownFileType = sourcecode.c.h; path = SJInteractionItemModel.h; sourceTree = "<group>"; };
		098C38A01D7D678E00A4938C /* SJInteractionItemModel.m */ = {isa = PBXFileReference; fileEncoding = 4; lastKnownFileType = sourcecode.c.objc; path = SJInteractionItemModel.m; sourceTree = "<group>"; };
		098C38A21D7E64A500A4938C /* SJInteractionCellModel.h */ = {isa = PBXFileReference; fileEncoding = 4; lastKnownFileType = sourcecode.c.h; path = SJInteractionCellModel.h; sourceTree = "<group>"; };
		098C38A31D7E64A500A4938C /* SJInteractionCellModel.m */ = {isa = PBXFileReference; fileEncoding = 4; lastKnownFileType = sourcecode.c.objc; path = SJInteractionCellModel.m; sourceTree = "<group>"; };
		098C38A51D7E65B400A4938C /* SJInteractionModel.h */ = {isa = PBXFileReference; fileEncoding = 4; lastKnownFileType = sourcecode.c.h; path = SJInteractionModel.h; sourceTree = "<group>"; };
		098C38A61D7E65B400A4938C /* SJInteractionModel.m */ = {isa = PBXFileReference; fileEncoding = 4; lastKnownFileType = sourcecode.c.objc; path = SJInteractionModel.m; sourceTree = "<group>"; };
		09910EF51D7731EB007F7806 /* SJMenuItemModel.h */ = {isa = PBXFileReference; fileEncoding = 4; lastKnownFileType = sourcecode.c.h; path = SJMenuItemModel.h; sourceTree = "<group>"; };
		09910EF61D7731EB007F7806 /* SJMenuItemModel.m */ = {isa = PBXFileReference; fileEncoding = 4; lastKnownFileType = sourcecode.c.objc; path = SJMenuItemModel.m; sourceTree = "<group>"; };
		09910EF91D77D6A7007F7806 /* fakeData_Home.json */ = {isa = PBXFileReference; fileEncoding = 4; lastKnownFileType = text.json; path = fakeData_Home.json; sourceTree = "<group>"; };
		09910F001D77D7C0007F7806 /* bank_1.txt */ = {isa = PBXFileReference; fileEncoding = 4; lastKnownFileType = text; path = bank_1.txt; sourceTree = "<group>"; };
		09910F031D77D7D3007F7806 /* com_glitter_scream_ios4.jpg */ = {isa = PBXFileReference; lastKnownFileType = image.jpeg; path = com_glitter_scream_ios4.jpg; sourceTree = "<group>"; };
		09910F041D77D7D3007F7806 /* com_glitter_scream_ios4hd@2x.jpg */ = {isa = PBXFileReference; lastKnownFileType = image.jpeg; path = "com_glitter_scream_ios4hd@2x.jpg"; sourceTree = "<group>"; };
		09910F051D77D7D3007F7806 /* com_glitter_scream_ios5@2x.jpg */ = {isa = PBXFileReference; lastKnownFileType = image.jpeg; path = "com_glitter_scream_ios5@2x.jpg"; sourceTree = "<group>"; };
		09910F061D77D7D3007F7806 /* com_glitter_scream_ios6@2x.jpg */ = {isa = PBXFileReference; lastKnownFileType = image.jpeg; path = "com_glitter_scream_ios6@2x.jpg"; sourceTree = "<group>"; };
		09910F071D77D7D3007F7806 /* com_glitter_scream_ios6p@2x.jpg */ = {isa = PBXFileReference; lastKnownFileType = image.jpeg; path = "com_glitter_scream_ios6p@2x.jpg"; sourceTree = "<group>"; };
		09910F0D1D77D944007F7806 /* Default-568h@2x.png */ = {isa = PBXFileReference; lastKnownFileType = image.png; path = "Default-568h@2x.png"; sourceTree = "<group>"; };
		09910F0E1D77D944007F7806 /* Default-667h@2x.png */ = {isa = PBXFileReference; lastKnownFileType = image.png; path = "Default-667h@2x.png"; sourceTree = "<group>"; };
		09910F0F1D77D944007F7806 /* Default-736h@3x.png */ = {isa = PBXFileReference; lastKnownFileType = image.png; path = "Default-736h@3x.png"; sourceTree = "<group>"; };
		09910F101D77D944007F7806 /* Default.png */ = {isa = PBXFileReference; lastKnownFileType = image.png; path = Default.png; sourceTree = "<group>"; };
		09910F111D77D944007F7806 /* Default@2x.png */ = {isa = PBXFileReference; lastKnownFileType = image.png; path = "Default@2x.png"; sourceTree = "<group>"; };
		09910F171D77DAE1007F7806 /* ic_com_shuaxin1@2x.png */ = {isa = PBXFileReference; lastKnownFileType = image.png; path = "ic_com_shuaxin1@2x.png"; sourceTree = "<group>"; };
		09910F181D77DAE1007F7806 /* ic_com_shuaxin2@2x.png */ = {isa = PBXFileReference; lastKnownFileType = image.png; path = "ic_com_shuaxin2@2x.png"; sourceTree = "<group>"; };
		09910F191D77DAE1007F7806 /* ic_com_shuaxin3@2x.png */ = {isa = PBXFileReference; lastKnownFileType = image.png; path = "ic_com_shuaxin3@2x.png"; sourceTree = "<group>"; };
		09910F1A1D77DAE1007F7806 /* ic_com_shuaxin4@2x.png */ = {isa = PBXFileReference; lastKnownFileType = image.png; path = "ic_com_shuaxin4@2x.png"; sourceTree = "<group>"; };
		09910F1B1D77DAE1007F7806 /* ic_com_shuaxin5@2x.png */ = {isa = PBXFileReference; lastKnownFileType = image.png; path = "ic_com_shuaxin5@2x.png"; sourceTree = "<group>"; };
		09910F1C1D77DAE1007F7806 /* ic_com_shuaxin6@2x.png */ = {isa = PBXFileReference; lastKnownFileType = image.png; path = "ic_com_shuaxin6@2x.png"; sourceTree = "<group>"; };
		09910F231D77DB22007F7806 /* LaunchImage-568h@2x.png */ = {isa = PBXFileReference; lastKnownFileType = image.png; path = "LaunchImage-568h@2x.png"; sourceTree = "<group>"; };
		09910F241D77DB22007F7806 /* LaunchImage-700-568h@2x.png */ = {isa = PBXFileReference; lastKnownFileType = image.png; path = "LaunchImage-700-568h@2x.png"; sourceTree = "<group>"; };
		09910F251D77DB22007F7806 /* LaunchImage-700@2x.png */ = {isa = PBXFileReference; lastKnownFileType = image.png; path = "LaunchImage-700@2x.png"; sourceTree = "<group>"; };
		09910F261D77DB22007F7806 /* LaunchImage-800-667h@2x.png */ = {isa = PBXFileReference; lastKnownFileType = image.png; path = "LaunchImage-800-667h@2x.png"; sourceTree = "<group>"; };
		09910F271D77DB22007F7806 /* LaunchImage-800-Portrait-736h@3x.png */ = {isa = PBXFileReference; lastKnownFileType = image.png; path = "LaunchImage-800-Portrait-736h@3x.png"; sourceTree = "<group>"; };
		09910F281D77DB22007F7806 /* LaunchImage.png */ = {isa = PBXFileReference; lastKnownFileType = image.png; path = LaunchImage.png; sourceTree = "<group>"; };
		09910F291D77DB22007F7806 /* LaunchImage@2x.png */ = {isa = PBXFileReference; lastKnownFileType = image.png; path = "LaunchImage@2x.png"; sourceTree = "<group>"; };
		09910F311D77DBA3007F7806 /* loading_1.png */ = {isa = PBXFileReference; lastKnownFileType = image.png; name = loading_1.png; path = ../RefreshIcons/loading_1.png; sourceTree = "<group>"; };
		09910F321D77DBA3007F7806 /* loading_2.png */ = {isa = PBXFileReference; lastKnownFileType = image.png; name = loading_2.png; path = ../RefreshIcons/loading_2.png; sourceTree = "<group>"; };
		09910F331D77DBA3007F7806 /* loading_3.png */ = {isa = PBXFileReference; lastKnownFileType = image.png; name = loading_3.png; path = ../RefreshIcons/loading_3.png; sourceTree = "<group>"; };
		09910F341D77DBA3007F7806 /* loading_4.png */ = {isa = PBXFileReference; lastKnownFileType = image.png; name = loading_4.png; path = ../RefreshIcons/loading_4.png; sourceTree = "<group>"; };
		09910F351D77DBA3007F7806 /* loading_5.png */ = {isa = PBXFileReference; lastKnownFileType = image.png; name = loading_5.png; path = ../RefreshIcons/loading_5.png; sourceTree = "<group>"; };
		09910F361D77DBA3007F7806 /* loading_6.png */ = {isa = PBXFileReference; lastKnownFileType = image.png; name = loading_6.png; path = ../RefreshIcons/loading_6.png; sourceTree = "<group>"; };
		09910F371D77DBA3007F7806 /* loading_7.png */ = {isa = PBXFileReference; lastKnownFileType = image.png; name = loading_7.png; path = ../RefreshIcons/loading_7.png; sourceTree = "<group>"; };
		09910F381D77DBA3007F7806 /* loading_8.png */ = {isa = PBXFileReference; lastKnownFileType = image.png; name = loading_8.png; path = ../RefreshIcons/loading_8.png; sourceTree = "<group>"; };
		09910F391D77DBA3007F7806 /* loading_9.png */ = {isa = PBXFileReference; lastKnownFileType = image.png; name = loading_9.png; path = ../RefreshIcons/loading_9.png; sourceTree = "<group>"; };
		09910F3A1D77DBA3007F7806 /* loading_10.png */ = {isa = PBXFileReference; lastKnownFileType = image.png; name = loading_10.png; path = ../RefreshIcons/loading_10.png; sourceTree = "<group>"; };
		09910F3B1D77DBA3007F7806 /* loading_11.png */ = {isa = PBXFileReference; lastKnownFileType = image.png; name = loading_11.png; path = ../RefreshIcons/loading_11.png; sourceTree = "<group>"; };
		09910F3C1D77DBA3007F7806 /* loading_12.png */ = {isa = PBXFileReference; lastKnownFileType = image.png; name = loading_12.png; path = ../RefreshIcons/loading_12.png; sourceTree = "<group>"; };
		09910F4A1D77DC30007F7806 /* loading_zhu1.png */ = {isa = PBXFileReference; lastKnownFileType = image.png; path = loading_zhu1.png; sourceTree = "<group>"; };
		09910F4B1D77DC30007F7806 /* loading_zhu2.png */ = {isa = PBXFileReference; lastKnownFileType = image.png; path = loading_zhu2.png; sourceTree = "<group>"; };
		09910F4C1D77DC30007F7806 /* loading_zhu3.png */ = {isa = PBXFileReference; lastKnownFileType = image.png; path = loading_zhu3.png; sourceTree = "<group>"; };
		09910F4D1D77DC30007F7806 /* loading_zhu4.png */ = {isa = PBXFileReference; lastKnownFileType = image.png; path = loading_zhu4.png; sourceTree = "<group>"; };
		09910F4E1D77DC30007F7806 /* loading_zhu5.png */ = {isa = PBXFileReference; lastKnownFileType = image.png; path = loading_zhu5.png; sourceTree = "<group>"; };
		09910F4F1D77DC30007F7806 /* loading_zhu6.png */ = {isa = PBXFileReference; lastKnownFileType = image.png; path = loading_zhu6.png; sourceTree = "<group>"; };
		09910F501D77DC30007F7806 /* loading_zhu7.png */ = {isa = PBXFileReference; lastKnownFileType = image.png; path = loading_zhu7.png; sourceTree = "<group>"; };
		09910F511D77DC30007F7806 /* loading_zhu8.png */ = {isa = PBXFileReference; lastKnownFileType = image.png; path = loading_zhu8.png; sourceTree = "<group>"; };
		09910F521D77DC30007F7806 /* loading_zhu9.png */ = {isa = PBXFileReference; lastKnownFileType = image.png; path = loading_zhu9.png; sourceTree = "<group>"; };
		09910F531D77DC30007F7806 /* loading_zhu10.png */ = {isa = PBXFileReference; lastKnownFileType = image.png; path = loading_zhu10.png; sourceTree = "<group>"; };
		09910F541D77DC30007F7806 /* loading_zhu11.png */ = {isa = PBXFileReference; lastKnownFileType = image.png; path = loading_zhu11.png; sourceTree = "<group>"; };
		09910F551D77DC30007F7806 /* loading_zhu12.png */ = {isa = PBXFileReference; lastKnownFileType = image.png; path = loading_zhu12.png; sourceTree = "<group>"; };
		09910F621D77DC45007F7806 /* loadingNew_1.png */ = {isa = PBXFileReference; lastKnownFileType = image.png; path = loadingNew_1.png; sourceTree = "<group>"; };
		09910F631D77DC45007F7806 /* loadingNew_2.png */ = {isa = PBXFileReference; lastKnownFileType = image.png; path = loadingNew_2.png; sourceTree = "<group>"; };
		09910F641D77DC45007F7806 /* loadingNew_3.png */ = {isa = PBXFileReference; lastKnownFileType = image.png; path = loadingNew_3.png; sourceTree = "<group>"; };
		09910F651D77DC45007F7806 /* loadingNew_4.png */ = {isa = PBXFileReference; lastKnownFileType = image.png; path = loadingNew_4.png; sourceTree = "<group>"; };
		09910F661D77DC45007F7806 /* loadingNew_5.png */ = {isa = PBXFileReference; lastKnownFileType = image.png; path = loadingNew_5.png; sourceTree = "<group>"; };
		09910F671D77DC45007F7806 /* loadingNew_6.png */ = {isa = PBXFileReference; lastKnownFileType = image.png; path = loadingNew_6.png; sourceTree = "<group>"; };
		09910F681D77DC45007F7806 /* loadingNew_7.png */ = {isa = PBXFileReference; lastKnownFileType = image.png; path = loadingNew_7.png; sourceTree = "<group>"; };
		09910F691D77DC45007F7806 /* loadingNew_8.png */ = {isa = PBXFileReference; lastKnownFileType = image.png; path = loadingNew_8.png; sourceTree = "<group>"; };
		09910F6A1D77DC45007F7806 /* loadingNew_9.png */ = {isa = PBXFileReference; lastKnownFileType = image.png; path = loadingNew_9.png; sourceTree = "<group>"; };
		09910F6B1D77DC45007F7806 /* loadingNew_10.png */ = {isa = PBXFileReference; lastKnownFileType = image.png; path = loadingNew_10.png; sourceTree = "<group>"; };
		09910F6C1D77DC45007F7806 /* loadingNew_11.png */ = {isa = PBXFileReference; lastKnownFileType = image.png; path = loadingNew_11.png; sourceTree = "<group>"; };
		09910F6D1D77DC45007F7806 /* loadingNew_12.png */ = {isa = PBXFileReference; lastKnownFileType = image.png; path = loadingNew_12.png; sourceTree = "<group>"; };
		09910F7A1D77DCBF007F7806 /* refreshloading_g@2x.gif */ = {isa = PBXFileReference; lastKnownFileType = image.gif; path = "refreshloading_g@2x.gif"; sourceTree = "<group>"; };
		09910F7D1D77F06D007F7806 /* SJRefreshHeader.h */ = {isa = PBXFileReference; fileEncoding = 4; lastKnownFileType = sourcecode.c.h; path = SJRefreshHeader.h; sourceTree = "<group>"; };
		09910F7E1D77F06D007F7806 /* SJRefreshHeader.m */ = {isa = PBXFileReference; fileEncoding = 4; lastKnownFileType = sourcecode.c.objc; path = SJRefreshHeader.m; sourceTree = "<group>"; };
		09910F831D781D23007F7806 /* SJZiChanCollectCell.h */ = {isa = PBXFileReference; fileEncoding = 4; lastKnownFileType = sourcecode.c.h; path = SJZiChanCollectCell.h; sourceTree = "<group>"; };
		09910F841D781D23007F7806 /* SJZiChanCollectCell.m */ = {isa = PBXFileReference; fileEncoding = 4; lastKnownFileType = sourcecode.c.objc; path = SJZiChanCollectCell.m; sourceTree = "<group>"; };
		09910F851D781D23007F7806 /* SJZiChanCollectCell.xib */ = {isa = PBXFileReference; fileEncoding = 4; lastKnownFileType = file.xib; path = SJZiChanCollectCell.xib; sourceTree = "<group>"; };
		09910F8D1D78308B007F7806 /* SJCollectionHeadView.h */ = {isa = PBXFileReference; fileEncoding = 4; lastKnownFileType = sourcecode.c.h; path = SJCollectionHeadView.h; sourceTree = "<group>"; };
		09910F8E1D78308B007F7806 /* SJCollectionHeadView.m */ = {isa = PBXFileReference; fileEncoding = 4; lastKnownFileType = sourcecode.c.objc; path = SJCollectionHeadView.m; sourceTree = "<group>"; };
		09910F8F1D78308B007F7806 /* SJCollectionHeadView.xib */ = {isa = PBXFileReference; fileEncoding = 4; lastKnownFileType = file.xib; path = SJCollectionHeadView.xib; sourceTree = "<group>"; };
		0996D2921D70A47F00D9C4A7 /* SJHelper.h */ = {isa = PBXFileReference; fileEncoding = 4; lastKnownFileType = sourcecode.c.h; path = SJHelper.h; sourceTree = "<group>"; };
		0996D2931D70A47F00D9C4A7 /* SJHelper.m */ = {isa = PBXFileReference; fileEncoding = 4; lastKnownFileType = sourcecode.c.objc; path = SJHelper.m; sourceTree = "<group>"; };
		0996D2961D70B11600D9C4A7 /* SJCustomNavBarView.h */ = {isa = PBXFileReference; fileEncoding = 4; lastKnownFileType = sourcecode.c.h; path = SJCustomNavBarView.h; sourceTree = "<group>"; };
		0996D2971D70B11600D9C4A7 /* SJCustomNavBarView.m */ = {isa = PBXFileReference; fileEncoding = 4; lastKnownFileType = sourcecode.c.objc; path = SJCustomNavBarView.m; sourceTree = "<group>"; };
		09E164711D73D7B20095E5A6 /* KDCycleBannerView.h */ = {isa = PBXFileReference; fileEncoding = 4; lastKnownFileType = sourcecode.c.h; path = KDCycleBannerView.h; sourceTree = "<group>"; };
		09E164721D73D7B20095E5A6 /* KDCycleBannerView.m */ = {isa = PBXFileReference; fileEncoding = 4; lastKnownFileType = sourcecode.c.objc; path = KDCycleBannerView.m; sourceTree = "<group>"; };
		09E164741D73D8820095E5A6 /* SJHomeHeadView.h */ = {isa = PBXFileReference; fileEncoding = 4; lastKnownFileType = sourcecode.c.h; path = SJHomeHeadView.h; sourceTree = "<group>"; };
		09E164751D73D8820095E5A6 /* SJHomeHeadView.m */ = {isa = PBXFileReference; fileEncoding = 4; lastKnownFileType = sourcecode.c.objc; path = SJHomeHeadView.m; sourceTree = "<group>"; };
		09E164771D741D360095E5A6 /* SJHomeCell.h */ = {isa = PBXFileReference; fileEncoding = 4; lastKnownFileType = sourcecode.c.h; path = SJHomeCell.h; sourceTree = "<group>"; };
		09E164781D741D360095E5A6 /* SJHomeCell.m */ = {isa = PBXFileReference; fileEncoding = 4; lastKnownFileType = sourcecode.c.objc; path = SJHomeCell.m; sourceTree = "<group>"; };
		09E164791D741D360095E5A6 /* SJHomeCell.xib */ = {isa = PBXFileReference; fileEncoding = 4; lastKnownFileType = file.xib; path = SJHomeCell.xib; sourceTree = "<group>"; };
		09E1647E1D7429A20095E5A6 /* UIView+LBExtension.h */ = {isa = PBXFileReference; fileEncoding = 4; lastKnownFileType = sourcecode.c.h; path = "UIView+LBExtension.h"; sourceTree = "<group>"; };
		09E1647F1D7429A20095E5A6 /* UIView+LBExtension.m */ = {isa = PBXFileReference; fileEncoding = 4; lastKnownFileType = sourcecode.c.objc; path = "UIView+LBExtension.m"; sourceTree = "<group>"; };
		09E164811D7432DE0095E5A6 /* SJHomeFooterView.h */ = {isa = PBXFileReference; fileEncoding = 4; lastKnownFileType = sourcecode.c.h; path = SJHomeFooterView.h; sourceTree = "<group>"; };
		09E164821D7432DE0095E5A6 /* SJHomeFooterView.m */ = {isa = PBXFileReference; fileEncoding = 4; lastKnownFileType = sourcecode.c.objc; path = SJHomeFooterView.m; sourceTree = "<group>"; };
		09E32B6E1D7FAA34007E044F /* SJMineInformationViewController.h */ = {isa = PBXFileReference; fileEncoding = 4; lastKnownFileType = sourcecode.c.h; path = SJMineInformationViewController.h; sourceTree = "<group>"; };
		09E32B6F1D7FAA34007E044F /* SJMineInformationViewController.m */ = {isa = PBXFileReference; fileEncoding = 4; lastKnownFileType = sourcecode.c.objc; path = SJMineInformationViewController.m; sourceTree = "<group>"; };
		09E32B711D7FAC16007E044F /* SJMineMoreViewController.h */ = {isa = PBXFileReference; fileEncoding = 4; lastKnownFileType = sourcecode.c.h; path = SJMineMoreViewController.h; sourceTree = "<group>"; };
		09E32B721D7FAC16007E044F /* SJMineMoreViewController.m */ = {isa = PBXFileReference; fileEncoding = 4; lastKnownFileType = sourcecode.c.objc; path = SJMineMoreViewController.m; sourceTree = "<group>"; };
		09E32B751D7FB1DB007E044F /* SJCommonWebViewController.h */ = {isa = PBXFileReference; fileEncoding = 4; lastKnownFileType = sourcecode.c.h; path = SJCommonWebViewController.h; sourceTree = "<group>"; };
		09E32B761D7FB1DB007E044F /* SJCommonWebViewController.m */ = {isa = PBXFileReference; fileEncoding = 4; lastKnownFileType = sourcecode.c.objc; path = SJCommonWebViewController.m; sourceTree = "<group>"; };
		384D05985580DB16BC33E87F /* Pods-AiQianJinCopy.debug.xcconfig */ = {isa = PBXFileReference; includeInIndex = 1; lastKnownFileType = text.xcconfig; name = "Pods-AiQianJinCopy.debug.xcconfig"; path = "Pods/Target Support Files/Pods-AiQianJinCopy/Pods-AiQianJinCopy.debug.xcconfig"; sourceTree = "<group>"; };
		9019B4BFEBB2A9FA7F1E1B33 /* libPods-AiQianJinCopy.a */ = {isa = PBXFileReference; explicitFileType = archive.ar; includeInIndex = 0; path = "libPods-AiQianJinCopy.a"; sourceTree = BUILT_PRODUCTS_DIR; };
		E3D91987223F4AB4D82FADB2 /* Pods-AiQianJinCopy.release.xcconfig */ = {isa = PBXFileReference; includeInIndex = 1; lastKnownFileType = text.xcconfig; name = "Pods-AiQianJinCopy.release.xcconfig"; path = "Pods/Target Support Files/Pods-AiQianJinCopy/Pods-AiQianJinCopy.release.xcconfig"; sourceTree = "<group>"; };
/* End PBXFileReference section */

/* Begin PBXFrameworksBuildPhase section */
		094CEA7B1D65616F0095F820 /* Frameworks */ = {
			isa = PBXFrameworksBuildPhase;
			buildActionMask = 2147483647;
			files = (
				59FD7A28C7DE0BD0B094B587 /* libPods-AiQianJinCopy.a in Frameworks */,
			);
			runOnlyForDeploymentPostprocessing = 0;
		};
		094CEA941D65616F0095F820 /* Frameworks */ = {
			isa = PBXFrameworksBuildPhase;
			buildActionMask = 2147483647;
			files = (
			);
			runOnlyForDeploymentPostprocessing = 0;
		};
		094CEA9F1D65616F0095F820 /* Frameworks */ = {
			isa = PBXFrameworksBuildPhase;
			buildActionMask = 2147483647;
			files = (
			);
			runOnlyForDeploymentPostprocessing = 0;
		};
/* End PBXFrameworksBuildPhase section */

/* Begin PBXGroup section */
		091D186C1D7688D700F181F0 /* LBAdsBar */ = {
			isa = PBXGroup;
			children = (
				091D186D1D7688D700F181F0 /* LBAdsBar.h */,
				091D186E1D7688D700F181F0 /* LBAdsBar.m */,
			);
			path = LBAdsBar;
			sourceTree = "<group>";
		};
		091D18701D768B0800F181F0 /* HWWeakTimer */ = {
			isa = PBXGroup;
			children = (
				091D18711D768B0800F181F0 /* HWWeakTimer.h */,
				091D18721D768B0800F181F0 /* HWWeakTimer.m */,
			);
			path = HWWeakTimer;
			sourceTree = "<group>";
		};
		091D18771D76C11500F181F0 /* MenuItem */ = {
			isa = PBXGroup;
			children = (
				091D18781D76C13300F181F0 /* SJMenuItem.h */,
				091D18791D76C13300F181F0 /* SJMenuItem.m */,
				091D187B1D76C16A00F181F0 /* SJMenuItem.xib */,
			);
			path = MenuItem;
			sourceTree = "<group>";
		};
		092E1F421D7531670094DEBF /* Services */ = {
			isa = PBXGroup;
			children = (
				092E1F471D7531DD0094DEBF /* SystemMaintenance */,
				092E1F431D7531670094DEBF /* NetWork */,
			);
			path = Services;
			sourceTree = "<group>";
		};
		092E1F431D7531670094DEBF /* NetWork */ = {
			isa = PBXGroup;
			children = (
				092E1F441D7531670094DEBF /* NetServiceManager.h */,
				092E1F451D7531670094DEBF /* NetServiceManager.m */,
			);
			path = NetWork;
			sourceTree = "<group>";
		};
		092E1F471D7531DD0094DEBF /* SystemMaintenance */ = {
			isa = PBXGroup;
			children = (
				092E1F481D7531DD0094DEBF /* XSSystemMaintenanceView.h */,
				092E1F491D7531DD0094DEBF /* XSSystemMaintenanceView.m */,
			);
			path = SystemMaintenance;
			sourceTree = "<group>";
		};
		094CEA751D65616F0095F820 = {
			isa = PBXGroup;
			children = (
				094CEA801D65616F0095F820 /* AiQianJinCopy */,
				094CEA9A1D65616F0095F820 /* AiQianJinCopyTests */,
				094CEAA51D65616F0095F820 /* AiQianJinCopyUITests */,
				094CEA7F1D65616F0095F820 /* Products */,
				7A33E80B9EE4070AF7216E4F /* Pods */,
				5168C32E16F34690B6BB5637 /* Frameworks */,
			);
			sourceTree = "<group>";
		};
		094CEA7F1D65616F0095F820 /* Products */ = {
			isa = PBXGroup;
			children = (
				094CEA7E1D65616F0095F820 /* AiQianJinCopy.app */,
				094CEA971D65616F0095F820 /* AiQianJinCopyTests.xctest */,
				094CEAA21D65616F0095F820 /* AiQianJinCopyUITests.xctest */,
			);
			name = Products;
			sourceTree = "<group>";
		};
		094CEA801D65616F0095F820 /* AiQianJinCopy */ = {
			isa = PBXGroup;
			children = (
				094CEAB41D65735C0095F820 /* Classes */,
				094CEA841D65616F0095F820 /* AppDelegate.h */,
				094CEA851D65616F0095F820 /* AppDelegate.m */,
				094CEA8D1D65616F0095F820 /* Assets.xcassets */,
				094CEA8F1D65616F0095F820 /* LaunchScreen.storyboard */,
				094CEA921D65616F0095F820 /* Info.plist */,
				094CEA811D65616F0095F820 /* Supporting Files */,
			);
			path = AiQianJinCopy;
			sourceTree = "<group>";
		};
		094CEA811D65616F0095F820 /* Supporting Files */ = {
			isa = PBXGroup;
			children = (
				094CEA821D65616F0095F820 /* main.m */,
				094CEAE11D659AD90095F820 /* PrefixHeader.pch */,
			);
			name = "Supporting Files";
			sourceTree = "<group>";
		};
		094CEA9A1D65616F0095F820 /* AiQianJinCopyTests */ = {
			isa = PBXGroup;
			children = (
				094CEA9B1D65616F0095F820 /* AiQianJinCopyTests.m */,
				094CEA9D1D65616F0095F820 /* Info.plist */,
			);
			path = AiQianJinCopyTests;
			sourceTree = "<group>";
		};
		094CEAA51D65616F0095F820 /* AiQianJinCopyUITests */ = {
			isa = PBXGroup;
			children = (
				094CEAA61D65616F0095F820 /* AiQianJinCopyUITests.m */,
				094CEAA81D65616F0095F820 /* Info.plist */,
			);
			path = AiQianJinCopyUITests;
			sourceTree = "<group>";
		};
		094CEAB41D65735C0095F820 /* Classes */ = {
			isa = PBXGroup;
			children = (
				098B34EA1D73D66C00C09074 /* Source */,
				09E1647C1D7429960095E5A6 /* Categorys */,
				092E1F421D7531670094DEBF /* Services */,
				094CEAB51D65735C0095F820 /* Common */,
				094CEAB91D65735C0095F820 /* Macro */,
				094CEABA1D65735C0095F820 /* Modules */,
			);
			path = Classes;
			sourceTree = "<group>";
		};
		094CEAB51D65735C0095F820 /* Common */ = {
			isa = PBXGroup;
			children = (
				09E32B741D7FB1B3007E044F /* WebViewController */,
				09910F7C1D77EDD1007F7806 /* Refresh */,
				091D18771D76C11500F181F0 /* MenuItem */,
				091D18701D768B0800F181F0 /* HWWeakTimer */,
				091D186C1D7688D700F181F0 /* LBAdsBar */,
				09E164701D73D7B20095E5A6 /* KDCycleBannerView */,
				0996D2951D70B0FA00D9C4A7 /* Views */,
				094CEAB61D65735C0095F820 /* ViewControllers */,
			);
			path = Common;
			sourceTree = "<group>";
		};
		094CEAB61D65735C0095F820 /* ViewControllers */ = {
			isa = PBXGroup;
			children = (
				094CEADD1D6591540095F820 /* Nav */,
				094CEAB71D65735C0095F820 /* Base */,
				094CEAB81D65735C0095F820 /* TabBar */,
			);
			path = ViewControllers;
			sourceTree = "<group>";
		};
		094CEAB71D65735C0095F820 /* Base */ = {
			isa = PBXGroup;
			children = (
				094CEABB1D6573870095F820 /* SJBaseViewController.h */,
				094CEABC1D6573870095F820 /* SJBaseViewController.m */,
			);
			path = Base;
			sourceTree = "<group>";
		};
		094CEAB81D65735C0095F820 /* TabBar */ = {
			isa = PBXGroup;
			children = (
				094CEABE1D6573C80095F820 /* SJTabBarViewController.h */,
				094CEABF1D6573C80095F820 /* SJTabBarViewController.m */,
			);
			path = TabBar;
			sourceTree = "<group>";
		};
		094CEAB91D65735C0095F820 /* Macro */ = {
			isa = PBXGroup;
			children = (
				094CEAE21D659B840095F820 /* Constants.h */,
				0996D2921D70A47F00D9C4A7 /* SJHelper.h */,
				0996D2931D70A47F00D9C4A7 /* SJHelper.m */,
				092E1F4B1D7538640094DEBF /* URLConstants.h */,
			);
			path = Macro;
			sourceTree = "<group>";
		};
		094CEABA1D65735C0095F820 /* Modules */ = {
			isa = PBXGroup;
			children = (
				094CEAC11D658EC60095F820 /* Home */,
				094CEAC91D658EC60095F820 /* Product */,
				094CEACD1D658EC60095F820 /* Property */,
				094CEAC51D658EC60095F820 /* Interaction */,
			);
			path = Modules;
			sourceTree = "<group>";
		};
		094CEAC11D658EC60095F820 /* Home */ = {
			isa = PBXGroup;
			children = (
				094CEAC21D658EC60095F820 /* Controllers */,
				094CEAC31D658EC60095F820 /* Models */,
				094CEAC41D658EC60095F820 /* Views */,
			);
			path = Home;
			sourceTree = "<group>";
		};
		094CEAC21D658EC60095F820 /* Controllers */ = {
			isa = PBXGroup;
			children = (
				094CEAD11D658EEB0095F820 /* SJHomeViewController.h */,
				094CEAD21D658EEB0095F820 /* SJHomeViewController.m */,
			);
			path = Controllers;
			sourceTree = "<group>";
		};
		094CEAC31D658EC60095F820 /* Models */ = {
			isa = PBXGroup;
			children = (
				0944A48E1D7597960072086D /* SJHomeJson.h */,
				0944A48F1D7597960072086D /* SJHomeJson.m */,
				0944A4881D758D300072086D /* SJHomeModel.h */,
				0944A4891D758D300072086D /* SJHomeModel.m */,
				0944A48B1D7593370072086D /* SJBannerModel.h */,
				0944A48C1D7593370072086D /* SJBannerModel.m */,
				091D18691D7673B900F181F0 /* SJHomeCellModel.h */,
				091D186A1D7673B900F181F0 /* SJHomeCellModel.m */,
				091D18741D768EA700F181F0 /* SJHomeAdsModel.h */,
				091D18751D768EA700F181F0 /* SJHomeAdsModel.m */,
				09910EF51D7731EB007F7806 /* SJMenuItemModel.h */,
				09910EF61D7731EB007F7806 /* SJMenuItemModel.m */,
			);
			path = Models;
			sourceTree = "<group>";
		};
		094CEAC41D658EC60095F820 /* Views */ = {
			isa = PBXGroup;
			children = (
				09E164771D741D360095E5A6 /* SJHomeCell.h */,
				09E164781D741D360095E5A6 /* SJHomeCell.m */,
				09E164791D741D360095E5A6 /* SJHomeCell.xib */,
				09E164741D73D8820095E5A6 /* SJHomeHeadView.h */,
				09E164751D73D8820095E5A6 /* SJHomeHeadView.m */,
				09E164811D7432DE0095E5A6 /* SJHomeFooterView.h */,
				09E164821D7432DE0095E5A6 /* SJHomeFooterView.m */,
			);
			path = Views;
			sourceTree = "<group>";
		};
		094CEAC51D658EC60095F820 /* Interaction */ = {
			isa = PBXGroup;
			children = (
				094CEAC61D658EC60095F820 /* Controllers */,
				094CEAC71D658EC60095F820 /* Models */,
				094CEAC81D658EC60095F820 /* Views */,
			);
			path = Interaction;
			sourceTree = "<group>";
		};
		094CEAC61D658EC60095F820 /* Controllers */ = {
			isa = PBXGroup;
			children = (
				094CEAD41D658F2E0095F820 /* SJInteractionViewController.h */,
				094CEAD51D658F2E0095F820 /* SJInteractionViewController.m */,
				09E32B6E1D7FAA34007E044F /* SJMineInformationViewController.h */,
				09E32B6F1D7FAA34007E044F /* SJMineInformationViewController.m */,
				09E32B711D7FAC16007E044F /* SJMineMoreViewController.h */,
				09E32B721D7FAC16007E044F /* SJMineMoreViewController.m */,
			);
			path = Controllers;
			sourceTree = "<group>";
		};
		094CEAC71D658EC60095F820 /* Models */ = {
			isa = PBXGroup;
			children = (
				098C38A51D7E65B400A4938C /* SJInteractionModel.h */,
				098C38A61D7E65B400A4938C /* SJInteractionModel.m */,
				098C389C1D7D666600A4938C /* SJInteractionHeadModel.h */,
				098C389D1D7D666600A4938C /* SJInteractionHeadModel.m */,
				098C389F1D7D678E00A4938C /* SJInteractionItemModel.h */,
				098C38A01D7D678E00A4938C /* SJInteractionItemModel.m */,
				098C38A21D7E64A500A4938C /* SJInteractionCellModel.h */,
				098C38A31D7E64A500A4938C /* SJInteractionCellModel.m */,
			);
			path = Models;
			sourceTree = "<group>";
		};
		094CEAC81D658EC60095F820 /* Views */ = {
			isa = PBXGroup;
			children = (
				094F5CD21D7978740004FADD /* SJInteractionHeadView.h */,
				094F5CD31D7978740004FADD /* SJInteractionHeadView.m */,
				094F5CD51D79789A0004FADD /* SJInteractionHeadView.xib */,
				098C38871D7A6DD700A4938C /* SJInteractionCell.h */,
				098C38881D7A6DD700A4938C /* SJInteractionCell.m */,
				098C38891D7A6DD700A4938C /* SJInteractionCell.xib */,
			);
			path = Views;
			sourceTree = "<group>";
		};
		094CEAC91D658EC60095F820 /* Product */ = {
			isa = PBXGroup;
			children = (
				094CEACA1D658EC60095F820 /* Controllers */,
				094CEACB1D658EC60095F820 /* Models */,
				094CEACC1D658EC60095F820 /* Views */,
			);
			path = Product;
			sourceTree = "<group>";
		};
		094CEACA1D658EC60095F820 /* Controllers */ = {
			isa = PBXGroup;
			children = (
				094CEAD71D658F430095F820 /* SJProductViewController.h */,
				094CEAD81D658F430095F820 /* SJProductViewController.m */,
			);
			path = Controllers;
			sourceTree = "<group>";
		};
		094CEACB1D658EC60095F820 /* Models */ = {
			isa = PBXGroup;
			children = (
			);
			path = Models;
			sourceTree = "<group>";
		};
		094CEACC1D658EC60095F820 /* Views */ = {
			isa = PBXGroup;
			children = (
			);
			path = Views;
			sourceTree = "<group>";
		};
		094CEACD1D658EC60095F820 /* Property */ = {
			isa = PBXGroup;
			children = (
				094CEACE1D658EC60095F820 /* Controllers */,
				094CEACF1D658EC60095F820 /* Models */,
				094CEAD01D658EC60095F820 /* Views */,
			);
			path = Property;
			sourceTree = "<group>";
		};
		094CEACE1D658EC60095F820 /* Controllers */ = {
			isa = PBXGroup;
			children = (
				094CEADA1D658F520095F820 /* SJPropertyViewController.h */,
				094CEADB1D658F520095F820 /* SJPropertyViewController.m */,
			);
			path = Controllers;
			sourceTree = "<group>";
		};
		094CEACF1D658EC60095F820 /* Models */ = {
			isa = PBXGroup;
			children = (
			);
			path = Models;
			sourceTree = "<group>";
		};
		094CEAD01D658EC60095F820 /* Views */ = {
			isa = PBXGroup;
			children = (
				09910F831D781D23007F7806 /* SJZiChanCollectCell.h */,
				09910F841D781D23007F7806 /* SJZiChanCollectCell.m */,
				09910F851D781D23007F7806 /* SJZiChanCollectCell.xib */,
				09910F8D1D78308B007F7806 /* SJCollectionHeadView.h */,
				09910F8E1D78308B007F7806 /* SJCollectionHeadView.m */,
				09910F8F1D78308B007F7806 /* SJCollectionHeadView.xib */,
			);
			path = Views;
			sourceTree = "<group>";
		};
		094CEADD1D6591540095F820 /* Nav */ = {
			isa = PBXGroup;
			children = (
				094CEADE1D65919C0095F820 /* SJNavigationController.h */,
				094CEADF1D65919C0095F820 /* SJNavigationController.m */,
			);
			path = Nav;
			sourceTree = "<group>";
		};
		098B34EA1D73D66C00C09074 /* Source */ = {
			isa = PBXGroup;
			children = (
				09910F491D77DC0D007F7806 /* Loading */,
				09910EFF1D77D7C0007F7806 /* Others */,
				09910F011D77D7C0007F7806 /* StartPage */,
				09910EF81D77D6A7007F7806 /* FakeJson */,
				09910EFA1D77D6A7007F7806 /* RefreshIcons */,
				09910EFB1D77D6A7007F7806 /* WelcomeImgs */,
			);
			path = Source;
			sourceTree = "<group>";
		};
		09910EF81D77D6A7007F7806 /* FakeJson */ = {
			isa = PBXGroup;
			children = (
				09910EF91D77D6A7007F7806 /* fakeData_Home.json */,
				094F5CD01D791D110004FADD /* fakeData_Interaction.json */,
			);
			path = FakeJson;
			sourceTree = "<group>";
		};
		09910EFA1D77D6A7007F7806 /* RefreshIcons */ = {
			isa = PBXGroup;
			children = (
				09910F7A1D77DCBF007F7806 /* refreshloading_g@2x.gif */,
				09910F171D77DAE1007F7806 /* ic_com_shuaxin1@2x.png */,
				09910F181D77DAE1007F7806 /* ic_com_shuaxin2@2x.png */,
				09910F191D77DAE1007F7806 /* ic_com_shuaxin3@2x.png */,
				09910F1A1D77DAE1007F7806 /* ic_com_shuaxin4@2x.png */,
				09910F1B1D77DAE1007F7806 /* ic_com_shuaxin5@2x.png */,
				09910F1C1D77DAE1007F7806 /* ic_com_shuaxin6@2x.png */,
			);
			path = RefreshIcons;
			sourceTree = "<group>";
		};
		09910EFB1D77D6A7007F7806 /* WelcomeImgs */ = {
			isa = PBXGroup;
			children = (
			);
			path = WelcomeImgs;
			sourceTree = "<group>";
		};
		09910EFF1D77D7C0007F7806 /* Others */ = {
			isa = PBXGroup;
			children = (
				09910F001D77D7C0007F7806 /* bank_1.txt */,
			);
			path = Others;
			sourceTree = "<group>";
		};
		09910F011D77D7C0007F7806 /* StartPage */ = {
			isa = PBXGroup;
			children = (
				09910F231D77DB22007F7806 /* LaunchImage-568h@2x.png */,
				09910F241D77DB22007F7806 /* LaunchImage-700-568h@2x.png */,
				09910F251D77DB22007F7806 /* LaunchImage-700@2x.png */,
				09910F261D77DB22007F7806 /* LaunchImage-800-667h@2x.png */,
				09910F271D77DB22007F7806 /* LaunchImage-800-Portrait-736h@3x.png */,
				09910F281D77DB22007F7806 /* LaunchImage.png */,
				09910F291D77DB22007F7806 /* LaunchImage@2x.png */,
				09910F0D1D77D944007F7806 /* Default-568h@2x.png */,
				09910F0E1D77D944007F7806 /* Default-667h@2x.png */,
				09910F0F1D77D944007F7806 /* Default-736h@3x.png */,
				09910F101D77D944007F7806 /* Default.png */,
				09910F111D77D944007F7806 /* Default@2x.png */,
				09910F031D77D7D3007F7806 /* com_glitter_scream_ios4.jpg */,
				09910F041D77D7D3007F7806 /* com_glitter_scream_ios4hd@2x.jpg */,
				09910F051D77D7D3007F7806 /* com_glitter_scream_ios5@2x.jpg */,
				09910F061D77D7D3007F7806 /* com_glitter_scream_ios6@2x.jpg */,
				09910F071D77D7D3007F7806 /* com_glitter_scream_ios6p@2x.jpg */,
			);
			path = StartPage;
			sourceTree = "<group>";
		};
		09910F491D77DC0D007F7806 /* Loading */ = {
			isa = PBXGroup;
			children = (
				09910F621D77DC45007F7806 /* loadingNew_1.png */,
				09910F631D77DC45007F7806 /* loadingNew_2.png */,
				09910F641D77DC45007F7806 /* loadingNew_3.png */,
				09910F651D77DC45007F7806 /* loadingNew_4.png */,
				09910F661D77DC45007F7806 /* loadingNew_5.png */,
				09910F671D77DC45007F7806 /* loadingNew_6.png */,
				09910F681D77DC45007F7806 /* loadingNew_7.png */,
				09910F691D77DC45007F7806 /* loadingNew_8.png */,
				09910F6A1D77DC45007F7806 /* loadingNew_9.png */,
				09910F6B1D77DC45007F7806 /* loadingNew_10.png */,
				09910F6C1D77DC45007F7806 /* loadingNew_11.png */,
				09910F6D1D77DC45007F7806 /* loadingNew_12.png */,
				09910F4A1D77DC30007F7806 /* loading_zhu1.png */,
				09910F4B1D77DC30007F7806 /* loading_zhu2.png */,
				09910F4C1D77DC30007F7806 /* loading_zhu3.png */,
				09910F4D1D77DC30007F7806 /* loading_zhu4.png */,
				09910F4E1D77DC30007F7806 /* loading_zhu5.png */,
				09910F4F1D77DC30007F7806 /* loading_zhu6.png */,
				09910F501D77DC30007F7806 /* loading_zhu7.png */,
				09910F511D77DC30007F7806 /* loading_zhu8.png */,
				09910F521D77DC30007F7806 /* loading_zhu9.png */,
				09910F531D77DC30007F7806 /* loading_zhu10.png */,
				09910F541D77DC30007F7806 /* loading_zhu11.png */,
				09910F551D77DC30007F7806 /* loading_zhu12.png */,
				09910F311D77DBA3007F7806 /* loading_1.png */,
				09910F321D77DBA3007F7806 /* loading_2.png */,
				09910F331D77DBA3007F7806 /* loading_3.png */,
				09910F341D77DBA3007F7806 /* loading_4.png */,
				09910F351D77DBA3007F7806 /* loading_5.png */,
				09910F361D77DBA3007F7806 /* loading_6.png */,
				09910F371D77DBA3007F7806 /* loading_7.png */,
				09910F381D77DBA3007F7806 /* loading_8.png */,
				09910F391D77DBA3007F7806 /* loading_9.png */,
				09910F3A1D77DBA3007F7806 /* loading_10.png */,
				09910F3B1D77DBA3007F7806 /* loading_11.png */,
				09910F3C1D77DBA3007F7806 /* loading_12.png */,
			);
			path = Loading;
			sourceTree = "<group>";
		};
		09910F7C1D77EDD1007F7806 /* Refresh */ = {
			isa = PBXGroup;
			children = (
				09910F7D1D77F06D007F7806 /* SJRefreshHeader.h */,
				09910F7E1D77F06D007F7806 /* SJRefreshHeader.m */,
			);
			path = Refresh;
			sourceTree = "<group>";
		};
		0996D2951D70B0FA00D9C4A7 /* Views */ = {
			isa = PBXGroup;
			children = (
				0996D2961D70B11600D9C4A7 /* SJCustomNavBarView.h */,
				0996D2971D70B11600D9C4A7 /* SJCustomNavBarView.m */,
			);
			path = Views;
			sourceTree = "<group>";
		};
		09E164701D73D7B20095E5A6 /* KDCycleBannerView */ = {
			isa = PBXGroup;
			children = (
				09E164711D73D7B20095E5A6 /* KDCycleBannerView.h */,
				09E164721D73D7B20095E5A6 /* KDCycleBannerView.m */,
			);
			path = KDCycleBannerView;
			sourceTree = "<group>";
		};
		09E1647C1D7429960095E5A6 /* Categorys */ = {
			isa = PBXGroup;
			children = (
				09E1647D1D7429A20095E5A6 /* UIView+LBExtension */,
			);
			path = Categorys;
			sourceTree = "<group>";
		};
		09E1647D1D7429A20095E5A6 /* UIView+LBExtension */ = {
			isa = PBXGroup;
			children = (
				09E1647E1D7429A20095E5A6 /* UIView+LBExtension.h */,
				09E1647F1D7429A20095E5A6 /* UIView+LBExtension.m */,
			);
			path = "UIView+LBExtension";
			sourceTree = "<group>";
		};
		09E32B741D7FB1B3007E044F /* WebViewController */ = {
			isa = PBXGroup;
			children = (
				09E32B751D7FB1DB007E044F /* SJCommonWebViewController.h */,
				09E32B761D7FB1DB007E044F /* SJCommonWebViewController.m */,
			);
			path = WebViewController;
			sourceTree = "<group>";
		};
		5168C32E16F34690B6BB5637 /* Frameworks */ = {
			isa = PBXGroup;
			children = (
				9019B4BFEBB2A9FA7F1E1B33 /* libPods-AiQianJinCopy.a */,
			);
			name = Frameworks;
			sourceTree = "<group>";
		};
		7A33E80B9EE4070AF7216E4F /* Pods */ = {
			isa = PBXGroup;
			children = (
				384D05985580DB16BC33E87F /* Pods-AiQianJinCopy.debug.xcconfig */,
				E3D91987223F4AB4D82FADB2 /* Pods-AiQianJinCopy.release.xcconfig */,
			);
			name = Pods;
			sourceTree = "<group>";
		};
/* End PBXGroup section */

/* Begin PBXNativeTarget section */
		094CEA7D1D65616F0095F820 /* AiQianJinCopy */ = {
			isa = PBXNativeTarget;
			buildConfigurationList = 094CEAAB1D65616F0095F820 /* Build configuration list for PBXNativeTarget "AiQianJinCopy" */;
			buildPhases = (
				FA3C049729D05855BACF9224 /* 📦 Check Pods Manifest.lock */,
				094CEA7A1D65616F0095F820 /* Sources */,
				094CEA7B1D65616F0095F820 /* Frameworks */,
				094CEA7C1D65616F0095F820 /* Resources */,
				7EDB8F46FAC7A1CB3F58D94D /* 📦 Embed Pods Frameworks */,
				51802055C7792F85F9E81608 /* 📦 Copy Pods Resources */,
			);
			buildRules = (
			);
			dependencies = (
			);
			name = AiQianJinCopy;
			productName = AiQianJinCopy;
			productReference = 094CEA7E1D65616F0095F820 /* AiQianJinCopy.app */;
			productType = "com.apple.product-type.application";
		};
		094CEA961D65616F0095F820 /* AiQianJinCopyTests */ = {
			isa = PBXNativeTarget;
			buildConfigurationList = 094CEAAE1D65616F0095F820 /* Build configuration list for PBXNativeTarget "AiQianJinCopyTests" */;
			buildPhases = (
				094CEA931D65616F0095F820 /* Sources */,
				094CEA941D65616F0095F820 /* Frameworks */,
				094CEA951D65616F0095F820 /* Resources */,
			);
			buildRules = (
			);
			dependencies = (
				094CEA991D65616F0095F820 /* PBXTargetDependency */,
			);
			name = AiQianJinCopyTests;
			productName = AiQianJinCopyTests;
			productReference = 094CEA971D65616F0095F820 /* AiQianJinCopyTests.xctest */;
			productType = "com.apple.product-type.bundle.unit-test";
		};
		094CEAA11D65616F0095F820 /* AiQianJinCopyUITests */ = {
			isa = PBXNativeTarget;
			buildConfigurationList = 094CEAB11D65616F0095F820 /* Build configuration list for PBXNativeTarget "AiQianJinCopyUITests" */;
			buildPhases = (
				094CEA9E1D65616F0095F820 /* Sources */,
				094CEA9F1D65616F0095F820 /* Frameworks */,
				094CEAA01D65616F0095F820 /* Resources */,
			);
			buildRules = (
			);
			dependencies = (
				094CEAA41D65616F0095F820 /* PBXTargetDependency */,
			);
			name = AiQianJinCopyUITests;
			productName = AiQianJinCopyUITests;
			productReference = 094CEAA21D65616F0095F820 /* AiQianJinCopyUITests.xctest */;
			productType = "com.apple.product-type.bundle.ui-testing";
		};
/* End PBXNativeTarget section */

/* Begin PBXProject section */
		094CEA761D65616F0095F820 /* Project object */ = {
			isa = PBXProject;
			attributes = {
				CLASSPREFIX = SJ;
				LastUpgradeCheck = 0730;
				ORGANIZATIONNAME = SPIREJ;
				TargetAttributes = {
					094CEA7D1D65616F0095F820 = {
						CreatedOnToolsVersion = 7.3;
					};
					094CEA961D65616F0095F820 = {
						CreatedOnToolsVersion = 7.3;
						TestTargetID = 094CEA7D1D65616F0095F820;
					};
					094CEAA11D65616F0095F820 = {
						CreatedOnToolsVersion = 7.3;
						TestTargetID = 094CEA7D1D65616F0095F820;
					};
				};
			};
			buildConfigurationList = 094CEA791D65616F0095F820 /* Build configuration list for PBXProject "AiQianJinCopy" */;
			compatibilityVersion = "Xcode 3.2";
			developmentRegion = English;
			hasScannedForEncodings = 0;
			knownRegions = (
				en,
				Base,
			);
			mainGroup = 094CEA751D65616F0095F820;
			productRefGroup = 094CEA7F1D65616F0095F820 /* Products */;
			projectDirPath = "";
			projectRoot = "";
			targets = (
				094CEA7D1D65616F0095F820 /* AiQianJinCopy */,
				094CEA961D65616F0095F820 /* AiQianJinCopyTests */,
				094CEAA11D65616F0095F820 /* AiQianJinCopyUITests */,
			);
		};
/* End PBXProject section */

/* Begin PBXResourcesBuildPhase section */
		094CEA7C1D65616F0095F820 /* Resources */ = {
			isa = PBXResourcesBuildPhase;
			buildActionMask = 2147483647;
			files = (
				09910F6F1D77DC45007F7806 /* loadingNew_2.png in Resources */,
				094F5CD11D791D110004FADD /* fakeData_Interaction.json in Resources */,
				09910F5E1D77DC30007F7806 /* loading_zhu9.png in Resources */,
				09910F1E1D77DAE1007F7806 /* ic_com_shuaxin2@2x.png in Resources */,
				09910F2A1D77DB22007F7806 /* LaunchImage-568h@2x.png in Resources */,
				09910F461D77DBA3007F7806 /* loading_10.png in Resources */,
				09910F741D77DC45007F7806 /* loadingNew_7.png in Resources */,
				09910F791D77DC45007F7806 /* loadingNew_12.png in Resources */,
				09910F721D77DC45007F7806 /* loadingNew_5.png in Resources */,
				09910F761D77DC45007F7806 /* loadingNew_9.png in Resources */,
				094F5CD61D79789A0004FADD /* SJInteractionHeadView.xib in Resources */,
				09910F2B1D77DB22007F7806 /* LaunchImage-700-568h@2x.png in Resources */,
				09910F5A1D77DC30007F7806 /* loading_zhu5.png in Resources */,
				09910F161D77D944007F7806 /* Default@2x.png in Resources */,
				09E1647B1D741D360095E5A6 /* SJHomeCell.xib in Resources */,
				09910F301D77DB22007F7806 /* LaunchImage@2x.png in Resources */,
				09910F781D77DC45007F7806 /* loadingNew_11.png in Resources */,
				09910F481D77DBA3007F7806 /* loading_12.png in Resources */,
				091D187C1D76C16A00F181F0 /* SJMenuItem.xib in Resources */,
				09910F471D77DBA3007F7806 /* loading_11.png in Resources */,
				09910F701D77DC45007F7806 /* loadingNew_3.png in Resources */,
				09910F771D77DC45007F7806 /* loadingNew_10.png in Resources */,
				09910F711D77DC45007F7806 /* loadingNew_4.png in Resources */,
				09910F441D77DBA3007F7806 /* loading_8.png in Resources */,
				09910F201D77DAE1007F7806 /* ic_com_shuaxin4@2x.png in Resources */,
				09910F2C1D77DB22007F7806 /* LaunchImage-700@2x.png in Resources */,
				09910F5D1D77DC30007F7806 /* loading_zhu8.png in Resources */,
				09910F5C1D77DC30007F7806 /* loading_zhu7.png in Resources */,
				09910F6E1D77DC45007F7806 /* loadingNew_1.png in Resources */,
				09910F451D77DBA3007F7806 /* loading_9.png in Resources */,
				09910F7B1D77DCBF007F7806 /* refreshloading_g@2x.gif in Resources */,
				09910F581D77DC30007F7806 /* loading_zhu3.png in Resources */,
				09910F561D77DC30007F7806 /* loading_zhu1.png in Resources */,
				09910F131D77D944007F7806 /* Default-667h@2x.png in Resources */,
				09910F221D77DAE1007F7806 /* ic_com_shuaxin6@2x.png in Resources */,
				09910F2E1D77DB22007F7806 /* LaunchImage-800-Portrait-736h@3x.png in Resources */,
				094CEA911D65616F0095F820 /* LaunchScreen.storyboard in Resources */,
				09910F151D77D944007F7806 /* Default.png in Resources */,
				09910F571D77DC30007F7806 /* loading_zhu2.png in Resources */,
				09910F611D77DC30007F7806 /* loading_zhu12.png in Resources */,
				094CEA8E1D65616F0095F820 /* Assets.xcassets in Resources */,
				09910F871D781D23007F7806 /* SJZiChanCollectCell.xib in Resources */,
				09910F1F1D77DAE1007F7806 /* ic_com_shuaxin3@2x.png in Resources */,
				09910F3F1D77DBA3007F7806 /* loading_3.png in Resources */,
				09910F5F1D77DC30007F7806 /* loading_zhu10.png in Resources */,
				09910F601D77DC30007F7806 /* loading_zhu11.png in Resources */,
				09910F091D77D7D3007F7806 /* com_glitter_scream_ios4hd@2x.jpg in Resources */,
				09910F411D77DBA3007F7806 /* loading_5.png in Resources */,
				09910F2D1D77DB22007F7806 /* LaunchImage-800-667h@2x.png in Resources */,
				098C388B1D7A6DD700A4938C /* SJInteractionCell.xib in Resources */,
				09910F431D77DBA3007F7806 /* loading_7.png in Resources */,
				09910F911D78308B007F7806 /* SJCollectionHeadView.xib in Resources */,
				09910F121D77D944007F7806 /* Default-568h@2x.png in Resources */,
				09910F421D77DBA3007F7806 /* loading_6.png in Resources */,
				09910F021D77D7C0007F7806 /* bank_1.txt in Resources */,
				09910F1D1D77DAE1007F7806 /* ic_com_shuaxin1@2x.png in Resources */,
				09910F3E1D77DBA3007F7806 /* loading_2.png in Resources */,
				09910EFC1D77D6A7007F7806 /* fakeData_Home.json in Resources */,
				09910F591D77DC30007F7806 /* loading_zhu4.png in Resources */,
				09910F081D77D7D3007F7806 /* com_glitter_scream_ios4.jpg in Resources */,
				09910F0B1D77D7D3007F7806 /* com_glitter_scream_ios6@2x.jpg in Resources */,
				09910F0C1D77D7D3007F7806 /* com_glitter_scream_ios6p@2x.jpg in Resources */,
				09910F2F1D77DB22007F7806 /* LaunchImage.png in Resources */,
				09910F3D1D77DBA3007F7806 /* loading_1.png in Resources */,
				09910F731D77DC45007F7806 /* loadingNew_6.png in Resources */,
				09910F401D77DBA3007F7806 /* loading_4.png in Resources */,
				09910F0A1D77D7D3007F7806 /* com_glitter_scream_ios5@2x.jpg in Resources */,
				09910F141D77D944007F7806 /* Default-736h@3x.png in Resources */,
				09910F211D77DAE1007F7806 /* ic_com_shuaxin5@2x.png in Resources */,
				09910F5B1D77DC30007F7806 /* loading_zhu6.png in Resources */,
				09910F751D77DC45007F7806 /* loadingNew_8.png in Resources */,
			);
			runOnlyForDeploymentPostprocessing = 0;
		};
		094CEA951D65616F0095F820 /* Resources */ = {
			isa = PBXResourcesBuildPhase;
			buildActionMask = 2147483647;
			files = (
			);
			runOnlyForDeploymentPostprocessing = 0;
		};
		094CEAA01D65616F0095F820 /* Resources */ = {
			isa = PBXResourcesBuildPhase;
			buildActionMask = 2147483647;
			files = (
			);
			runOnlyForDeploymentPostprocessing = 0;
		};
/* End PBXResourcesBuildPhase section */

/* Begin PBXShellScriptBuildPhase section */
		51802055C7792F85F9E81608 /* 📦 Copy Pods Resources */ = {
			isa = PBXShellScriptBuildPhase;
			buildActionMask = 2147483647;
			files = (
			);
			inputPaths = (
			);
			name = "📦 Copy Pods Resources";
			outputPaths = (
			);
			runOnlyForDeploymentPostprocessing = 0;
			shellPath = /bin/sh;
			shellScript = "\"${SRCROOT}/Pods/Target Support Files/Pods-AiQianJinCopy/Pods-AiQianJinCopy-resources.sh\"\n";
			showEnvVarsInLog = 0;
		};
		7EDB8F46FAC7A1CB3F58D94D /* 📦 Embed Pods Frameworks */ = {
			isa = PBXShellScriptBuildPhase;
			buildActionMask = 2147483647;
			files = (
			);
			inputPaths = (
			);
			name = "📦 Embed Pods Frameworks";
			outputPaths = (
			);
			runOnlyForDeploymentPostprocessing = 0;
			shellPath = /bin/sh;
			shellScript = "\"${SRCROOT}/Pods/Target Support Files/Pods-AiQianJinCopy/Pods-AiQianJinCopy-frameworks.sh\"\n";
			showEnvVarsInLog = 0;
		};
		FA3C049729D05855BACF9224 /* 📦 Check Pods Manifest.lock */ = {
			isa = PBXShellScriptBuildPhase;
			buildActionMask = 2147483647;
			files = (
			);
			inputPaths = (
			);
			name = "📦 Check Pods Manifest.lock";
			outputPaths = (
			);
			runOnlyForDeploymentPostprocessing = 0;
			shellPath = /bin/sh;
			shellScript = "diff \"${PODS_ROOT}/../Podfile.lock\" \"${PODS_ROOT}/Manifest.lock\" > /dev/null\nif [[ $? != 0 ]] ; then\n    cat << EOM\nerror: The sandbox is not in sync with the Podfile.lock. Run 'pod install' or update your CocoaPods installation.\nEOM\n    exit 1\nfi\n";
			showEnvVarsInLog = 0;
		};
/* End PBXShellScriptBuildPhase section */

/* Begin PBXSourcesBuildPhase section */
		094CEA7A1D65616F0095F820 /* Sources */ = {
			isa = PBXSourcesBuildPhase;
			buildActionMask = 2147483647;
			files = (
				091D18731D768B0800F181F0 /* HWWeakTimer.m in Sources */,
				091D18761D768EA700F181F0 /* SJHomeAdsModel.m in Sources */,
				091D186F1D7688D700F181F0 /* LBAdsBar.m in Sources */,
				09E32B771D7FB1DB007E044F /* SJCommonWebViewController.m in Sources */,
				0996D2981D70B11600D9C4A7 /* SJCustomNavBarView.m in Sources */,
				094CEA861D65616F0095F820 /* AppDelegate.m in Sources */,
				0944A48A1D758D300072086D /* SJHomeModel.m in Sources */,
				091D186B1D7673B900F181F0 /* SJHomeCellModel.m in Sources */,
				09910F861D781D23007F7806 /* SJZiChanCollectCell.m in Sources */,
				092E1F4A1D7531DD0094DEBF /* XSSystemMaintenanceView.m in Sources */,
				094F5CD41D7978740004FADD /* SJInteractionHeadView.m in Sources */,
				094CEAD31D658EEB0095F820 /* SJHomeViewController.m in Sources */,
				098C389E1D7D666600A4938C /* SJInteractionHeadModel.m in Sources */,
				098C388A1D7A6DD700A4938C /* SJInteractionCell.m in Sources */,
				09910F7F1D77F06D007F7806 /* SJRefreshHeader.m in Sources */,
				09E32B701D7FAA34007E044F /* SJMineInformationViewController.m in Sources */,
				094CEAD61D658F2E0095F820 /* SJInteractionViewController.m in Sources */,
				09E164761D73D8820095E5A6 /* SJHomeHeadView.m in Sources */,
				094CEAD91D658F430095F820 /* SJProductViewController.m in Sources */,
				098C38A71D7E65B400A4938C /* SJInteractionModel.m in Sources */,
				094CEA831D65616F0095F820 /* main.m in Sources */,
				09E164731D73D7B20095E5A6 /* KDCycleBannerView.m in Sources */,
				0944A48D1D7593370072086D /* SJBannerModel.m in Sources */,
				094CEABD1D6573870095F820 /* SJBaseViewController.m in Sources */,
				09E32B731D7FAC16007E044F /* SJMineMoreViewController.m in Sources */,
				09910F901D78308B007F7806 /* SJCollectionHeadView.m in Sources */,
				09E164801D7429A20095E5A6 /* UIView+LBExtension.m in Sources */,
				094CEAE01D65919C0095F820 /* SJNavigationController.m in Sources */,
				094CEADC1D658F520095F820 /* SJPropertyViewController.m in Sources */,
				09910EF71D7731EB007F7806 /* SJMenuItemModel.m in Sources */,
				094CEAC01D6573C80095F820 /* SJTabBarViewController.m in Sources */,
				091D187A1D76C13300F181F0 /* SJMenuItem.m in Sources */,
				0944A4901D7597960072086D /* SJHomeJson.m in Sources */,
				098C38A41D7E64A500A4938C /* SJInteractionCellModel.m in Sources */,
				09E164831D7432DE0095E5A6 /* SJHomeFooterView.m in Sources */,
				098C38A11D7D678E00A4938C /* SJInteractionItemModel.m in Sources */,
				092E1F461D7531670094DEBF /* NetServiceManager.m in Sources */,
				0996D2941D70A47F00D9C4A7 /* SJHelper.m in Sources */,
				09E1647A1D741D360095E5A6 /* SJHomeCell.m in Sources */,
			);
			runOnlyForDeploymentPostprocessing = 0;
		};
		094CEA931D65616F0095F820 /* Sources */ = {
			isa = PBXSourcesBuildPhase;
			buildActionMask = 2147483647;
			files = (
				094CEA9C1D65616F0095F820 /* AiQianJinCopyTests.m in Sources */,
			);
			runOnlyForDeploymentPostprocessing = 0;
		};
		094CEA9E1D65616F0095F820 /* Sources */ = {
			isa = PBXSourcesBuildPhase;
			buildActionMask = 2147483647;
			files = (
				094CEAA71D65616F0095F820 /* AiQianJinCopyUITests.m in Sources */,
			);
			runOnlyForDeploymentPostprocessing = 0;
		};
/* End PBXSourcesBuildPhase section */

/* Begin PBXTargetDependency section */
		094CEA991D65616F0095F820 /* PBXTargetDependency */ = {
			isa = PBXTargetDependency;
			target = 094CEA7D1D65616F0095F820 /* AiQianJinCopy */;
			targetProxy = 094CEA981D65616F0095F820 /* PBXContainerItemProxy */;
		};
		094CEAA41D65616F0095F820 /* PBXTargetDependency */ = {
			isa = PBXTargetDependency;
			target = 094CEA7D1D65616F0095F820 /* AiQianJinCopy */;
			targetProxy = 094CEAA31D65616F0095F820 /* PBXContainerItemProxy */;
		};
/* End PBXTargetDependency section */

/* Begin PBXVariantGroup section */
		094CEA8F1D65616F0095F820 /* LaunchScreen.storyboard */ = {
			isa = PBXVariantGroup;
			children = (
				094CEA901D65616F0095F820 /* Base */,
			);
			name = LaunchScreen.storyboard;
			sourceTree = "<group>";
		};
/* End PBXVariantGroup section */

/* Begin XCBuildConfiguration section */
		094CEAA91D65616F0095F820 /* Debug */ = {
			isa = XCBuildConfiguration;
			buildSettings = {
				ALWAYS_SEARCH_USER_PATHS = NO;
				CLANG_ANALYZER_NONNULL = YES;
				CLANG_CXX_LANGUAGE_STANDARD = "gnu++0x";
				CLANG_CXX_LIBRARY = "libc++";
				CLANG_ENABLE_MODULES = YES;
				CLANG_ENABLE_OBJC_ARC = YES;
				CLANG_WARN_BOOL_CONVERSION = YES;
				CLANG_WARN_CONSTANT_CONVERSION = YES;
				CLANG_WARN_DIRECT_OBJC_ISA_USAGE = YES_ERROR;
				CLANG_WARN_EMPTY_BODY = YES;
				CLANG_WARN_ENUM_CONVERSION = YES;
				CLANG_WARN_INT_CONVERSION = YES;
				CLANG_WARN_OBJC_ROOT_CLASS = YES_ERROR;
				CLANG_WARN_UNREACHABLE_CODE = YES;
				CLANG_WARN__DUPLICATE_METHOD_MATCH = YES;
				"CODE_SIGN_IDENTITY[sdk=iphoneos*]" = "iPhone Developer";
				COPY_PHASE_STRIP = NO;
				DEBUG_INFORMATION_FORMAT = dwarf;
				ENABLE_STRICT_OBJC_MSGSEND = YES;
				ENABLE_TESTABILITY = YES;
				GCC_C_LANGUAGE_STANDARD = gnu99;
				GCC_DYNAMIC_NO_PIC = NO;
				GCC_NO_COMMON_BLOCKS = YES;
				GCC_OPTIMIZATION_LEVEL = 0;
				GCC_PREPROCESSOR_DEFINITIONS = (
					"DEBUG=1",
					"$(inherited)",
				);
				GCC_WARN_64_TO_32_BIT_CONVERSION = YES;
				GCC_WARN_ABOUT_RETURN_TYPE = YES_ERROR;
				GCC_WARN_UNDECLARED_SELECTOR = YES;
				GCC_WARN_UNINITIALIZED_AUTOS = YES_AGGRESSIVE;
				GCC_WARN_UNUSED_FUNCTION = YES;
				GCC_WARN_UNUSED_VARIABLE = YES;
				IPHONEOS_DEPLOYMENT_TARGET = 9.3;
				MTL_ENABLE_DEBUG_INFO = YES;
				ONLY_ACTIVE_ARCH = YES;
				SDKROOT = iphoneos;
			};
			name = Debug;
		};
		094CEAAA1D65616F0095F820 /* Release */ = {
			isa = XCBuildConfiguration;
			buildSettings = {
				ALWAYS_SEARCH_USER_PATHS = NO;
				CLANG_ANALYZER_NONNULL = YES;
				CLANG_CXX_LANGUAGE_STANDARD = "gnu++0x";
				CLANG_CXX_LIBRARY = "libc++";
				CLANG_ENABLE_MODULES = YES;
				CLANG_ENABLE_OBJC_ARC = YES;
				CLANG_WARN_BOOL_CONVERSION = YES;
				CLANG_WARN_CONSTANT_CONVERSION = YES;
				CLANG_WARN_DIRECT_OBJC_ISA_USAGE = YES_ERROR;
				CLANG_WARN_EMPTY_BODY = YES;
				CLANG_WARN_ENUM_CONVERSION = YES;
				CLANG_WARN_INT_CONVERSION = YES;
				CLANG_WARN_OBJC_ROOT_CLASS = YES_ERROR;
				CLANG_WARN_UNREACHABLE_CODE = YES;
				CLANG_WARN__DUPLICATE_METHOD_MATCH = YES;
				"CODE_SIGN_IDENTITY[sdk=iphoneos*]" = "iPhone Developer";
				COPY_PHASE_STRIP = NO;
				DEBUG_INFORMATION_FORMAT = "dwarf-with-dsym";
				ENABLE_NS_ASSERTIONS = NO;
				ENABLE_STRICT_OBJC_MSGSEND = YES;
				GCC_C_LANGUAGE_STANDARD = gnu99;
				GCC_NO_COMMON_BLOCKS = YES;
				GCC_WARN_64_TO_32_BIT_CONVERSION = YES;
				GCC_WARN_ABOUT_RETURN_TYPE = YES_ERROR;
				GCC_WARN_UNDECLARED_SELECTOR = YES;
				GCC_WARN_UNINITIALIZED_AUTOS = YES_AGGRESSIVE;
				GCC_WARN_UNUSED_FUNCTION = YES;
				GCC_WARN_UNUSED_VARIABLE = YES;
				IPHONEOS_DEPLOYMENT_TARGET = 9.3;
				MTL_ENABLE_DEBUG_INFO = NO;
				SDKROOT = iphoneos;
				VALIDATE_PRODUCT = YES;
			};
			name = Release;
		};
		094CEAAC1D65616F0095F820 /* Debug */ = {
			isa = XCBuildConfiguration;
			baseConfigurationReference = 384D05985580DB16BC33E87F /* Pods-AiQianJinCopy.debug.xcconfig */;
			buildSettings = {
				ASSETCATALOG_COMPILER_APPICON_NAME = AppIcon;
				GCC_PREFIX_HEADER = "$(SRCROOT)/AiQianJinCopy/PrefixHeader.pch";
				INFOPLIST_FILE = AiQianJinCopy/Info.plist;
				IPHONEOS_DEPLOYMENT_TARGET = 8.0;
				LD_RUNPATH_SEARCH_PATHS = "$(inherited) @executable_path/Frameworks";
				PRODUCT_BUNDLE_IDENTIFIER = com.xs.AiQianJinCopy;
				PRODUCT_NAME = "$(TARGET_NAME)";
			};
			name = Debug;
		};
		094CEAAD1D65616F0095F820 /* Release */ = {
			isa = XCBuildConfiguration;
			baseConfigurationReference = E3D91987223F4AB4D82FADB2 /* Pods-AiQianJinCopy.release.xcconfig */;
			buildSettings = {
				ASSETCATALOG_COMPILER_APPICON_NAME = AppIcon;
				GCC_PREFIX_HEADER = "$(SRCROOT)/AiQianJinCopy/PrefixHeader.pch";
				INFOPLIST_FILE = AiQianJinCopy/Info.plist;
				IPHONEOS_DEPLOYMENT_TARGET = 8.0;
				LD_RUNPATH_SEARCH_PATHS = "$(inherited) @executable_path/Frameworks";
				PRODUCT_BUNDLE_IDENTIFIER = com.xs.AiQianJinCopy;
				PRODUCT_NAME = "$(TARGET_NAME)";
			};
			name = Release;
		};
		094CEAAF1D65616F0095F820 /* Debug */ = {
			isa = XCBuildConfiguration;
			buildSettings = {
				BUNDLE_LOADER = "$(TEST_HOST)";
				INFOPLIST_FILE = AiQianJinCopyTests/Info.plist;
				LD_RUNPATH_SEARCH_PATHS = "$(inherited) @executable_path/Frameworks @loader_path/Frameworks";
				PRODUCT_BUNDLE_IDENTIFIER = com.xs.AiQianJinCopyTests;
				PRODUCT_NAME = "$(TARGET_NAME)";
				TEST_HOST = "$(BUILT_PRODUCTS_DIR)/AiQianJinCopy.app/AiQianJinCopy";
			};
			name = Debug;
		};
		094CEAB01D65616F0095F820 /* Release */ = {
			isa = XCBuildConfiguration;
			buildSettings = {
				BUNDLE_LOADER = "$(TEST_HOST)";
				INFOPLIST_FILE = AiQianJinCopyTests/Info.plist;
				LD_RUNPATH_SEARCH_PATHS = "$(inherited) @executable_path/Frameworks @loader_path/Frameworks";
				PRODUCT_BUNDLE_IDENTIFIER = com.xs.AiQianJinCopyTests;
				PRODUCT_NAME = "$(TARGET_NAME)";
				TEST_HOST = "$(BUILT_PRODUCTS_DIR)/AiQianJinCopy.app/AiQianJinCopy";
			};
			name = Release;
		};
		094CEAB21D65616F0095F820 /* Debug */ = {
			isa = XCBuildConfiguration;
			buildSettings = {
				INFOPLIST_FILE = AiQianJinCopyUITests/Info.plist;
				LD_RUNPATH_SEARCH_PATHS = "$(inherited) @executable_path/Frameworks @loader_path/Frameworks";
				PRODUCT_BUNDLE_IDENTIFIER = com.xs.AiQianJinCopyUITests;
				PRODUCT_NAME = "$(TARGET_NAME)";
				TEST_TARGET_NAME = AiQianJinCopy;
			};
			name = Debug;
		};
		094CEAB31D65616F0095F820 /* Release */ = {
			isa = XCBuildConfiguration;
			buildSettings = {
				INFOPLIST_FILE = AiQianJinCopyUITests/Info.plist;
				LD_RUNPATH_SEARCH_PATHS = "$(inherited) @executable_path/Frameworks @loader_path/Frameworks";
				PRODUCT_BUNDLE_IDENTIFIER = com.xs.AiQianJinCopyUITests;
				PRODUCT_NAME = "$(TARGET_NAME)";
				TEST_TARGET_NAME = AiQianJinCopy;
			};
			name = Release;
		};
/* End XCBuildConfiguration section */

/* Begin XCConfigurationList section */
		094CEA791D65616F0095F820 /* Build configuration list for PBXProject "AiQianJinCopy" */ = {
			isa = XCConfigurationList;
			buildConfigurations = (
				094CEAA91D65616F0095F820 /* Debug */,
				094CEAAA1D65616F0095F820 /* Release */,
			);
			defaultConfigurationIsVisible = 0;
			defaultConfigurationName = Release;
		};
		094CEAAB1D65616F0095F820 /* Build configuration list for PBXNativeTarget "AiQianJinCopy" */ = {
			isa = XCConfigurationList;
			buildConfigurations = (
				094CEAAC1D65616F0095F820 /* Debug */,
				094CEAAD1D65616F0095F820 /* Release */,
			);
			defaultConfigurationIsVisible = 0;
			defaultConfigurationName = Release;
		};
		094CEAAE1D65616F0095F820 /* Build configuration list for PBXNativeTarget "AiQianJinCopyTests" */ = {
			isa = XCConfigurationList;
			buildConfigurations = (
				094CEAAF1D65616F0095F820 /* Debug */,
				094CEAB01D65616F0095F820 /* Release */,
			);
			defaultConfigurationIsVisible = 0;
			defaultConfigurationName = Release;
		};
		094CEAB11D65616F0095F820 /* Build configuration list for PBXNativeTarget "AiQianJinCopyUITests" */ = {
			isa = XCConfigurationList;
			buildConfigurations = (
				094CEAB21D65616F0095F820 /* Debug */,
				094CEAB31D65616F0095F820 /* Release */,
			);
			defaultConfigurationIsVisible = 0;
			defaultConfigurationName = Release;
		};
/* End XCConfigurationList section */
	};
	rootObject = 094CEA761D65616F0095F820 /* Project object */;
}
